<?xml version="1.0" encoding="UTF-8"?>
<!DOCTYPE plist PUBLIC "-//Apple//DTD PLIST 1.0//EN" "http://www.apple.com/DTDs/PropertyList-1.0.dtd">
<plist version="1.0">
<dict>
	<key>archiveVersion</key>
	<string>1</string>
	<key>classes</key>
	<dict/>
	<key>objectVersion</key>
	<string>77</string>
	<key>objects</key>
	<dict>
		<key>000785A9765DAF5ED478D757</key>
		<dict>
			<key>buildSettings</key>
			<dict>
				<key>BUNDLE_LOADER</key>
				<string>$(TEST_HOST)</string>
				<key>LD_RUNPATH_SEARCH_PATHS</key>
				<array>
					<string>$(inherited)</string>
					<string>@executable_path/Frameworks</string>
					<string>@loader_path/Frameworks</string>
				</array>
				<key>PRODUCT_BUNDLE_IDENTIFIER</key>
				<string>com.jiandan.app.uitests</string>
				<key>SDKROOT</key>
				<string>iphoneos</string>
				<key>TARGETED_DEVICE_FAMILY</key>
				<string>1,2</string>
				<key>TEST_TARGET_NAME</key>
				<string>JianDan</string>
			</dict>
			<key>isa</key>
			<string>XCBuildConfiguration</string>
			<key>name</key>
			<string>Release</string>
		</dict>
		<key>037785C7B9B52A2924F7AC85</key>
		<dict>
			<key>buildActionMask</key>
			<string>2147483647</string>
			<key>files</key>
			<array>
				<string>DC61387E7B35C0ACFA39E7A2</string>
				<string>47A7FD0260CA59A165951A0D</string>
				<string>4E404CD8DE46A5A1A1231CEE</string>
				<string>6F3142ABE9BBCEA39B33501D</string>
				<string>8CFD672FE5F1305F54C960AD</string>
				<string>0BDE5960F469AF297B043F79</string>
			</array>
			<key>isa</key>
			<string>PBXSourcesBuildPhase</string>
			<key>runOnlyForDeploymentPostprocessing</key>
			<string>0</string>
		</dict>
		<key>042C3A3CDD346236BEDE492E</key>
		<dict>
			<key>isa</key>
			<string>PBXFileReference</string>
			<key>lastKnownFileType</key>
			<string>sourcecode.swift</string>
			<key>path</key>
			<string>PhotoCarouselView.swift</string>
			<key>sourceTree</key>
			<string>&lt;group&gt;</string>
		</dict>
		<key>0558E9C8E894B552E4AB059F</key>
		<dict>
			<key>children</key>
			<array>
				<string>4E53B4EC7D0135199D81F87E</string>
				<string>7EC2A458A31F0115B8120BC2</string>
				<string>3F205C33EEFC96C6EF0844D3</string>
				<string>E339859651E8BA11B85D94FE</string>
			</array>
			<key>isa</key>
			<string>PBXGroup</string>
			<key>path</key>
			<string>Remembrance</string>
			<key>sourceTree</key>
			<string>&lt;group&gt;</string>
		</dict>
		<key>05F30AD255C73EE3A5BE3372</key>
		<dict>
			<key>isa</key>
			<string>PBXFileReference</string>
			<key>lastKnownFileType</key>
			<string>sourcecode.swift</string>
			<key>path</key>
			<string>UserCategoryTests.swift</string>
			<key>sourceTree</key>
			<string>&lt;group&gt;</string>
		</dict>
		<key>065BD47AD4B362A5D0102223</key>
		<dict>
			<key>fileRef</key>
			<string>DEFC38CEB1662BED30A24B3D</string>
			<key>isa</key>
			<string>PBXBuildFile</string>
		</dict>
		<key>06A4B7D14D982689491089DE</key>
		<dict>
			<key>isa</key>
			<string>PBXFileReference</string>
			<key>lastKnownFileType</key>
			<string>sourcecode.swift</string>
			<key>path</key>
			<string>CategoryFilterBar.swift</string>
			<key>sourceTree</key>
			<string>&lt;group&gt;</string>
		</dict>
		<key>083C8415D0676582A282FF82</key>
		<dict>
			<key>containerPortal</key>
			<string>1B962C6E3A13804821016DDA</string>
			<key>isa</key>
			<string>PBXContainerItemProxy</string>
			<key>proxyType</key>
			<string>1</string>
			<key>remoteGlobalIDString</key>
			<string>FAC99D824CA411E544335B6D</string>
			<key>remoteInfo</key>
			<string>JianDan</string>
		</dict>
		<key>0A2AB1622B63CAA84328376D</key>
		<dict>
			<key>isa</key>
			<string>PBXFileReference</string>
			<key>lastKnownFileType</key>
			<string>sourcecode.swift</string>
			<key>path</key>
			<string>PhotoThumbView.swift</string>
			<key>sourceTree</key>
			<string>&lt;group&gt;</string>
		</dict>
		<key>0B1DC7AAE21AC5A77BC58023</key>
		<dict>
			<key>isa</key>
			<string>PBXFileReference</string>
			<key>lastKnownFileType</key>
			<string>sourcecode.swift</string>
			<key>path</key>
			<string>DiaryView.swift</string>
			<key>sourceTree</key>
			<string>&lt;group&gt;</string>
		</dict>
		<key>0BDE5960F469AF297B043F79</key>
		<dict>
			<key>fileRef</key>
			<string>E59B82CA460489DD66EA23BB</string>
			<key>isa</key>
			<string>PBXBuildFile</string>
		</dict>
		<key>0D5DACD9C229F125E35D64F8</key>
		<dict>
			<key>fileRef</key>
			<string>3F613DC861E4076951C1A35B</string>
			<key>isa</key>
			<string>PBXBuildFile</string>
		</dict>
		<key>0DD43600565744E93CA4AE37</key>
		<dict>
			<key>isa</key>
			<string>PBXFileReference</string>
			<key>lastKnownFileType</key>
			<string>sourcecode.swift</string>
			<key>path</key>
			<string>EditFarewellSaver.swift</string>
			<key>sourceTree</key>
			<string>&lt;group&gt;</string>
		</dict>
		<key>0E2D0E40B76735BC947EDB60</key>
		<dict>
			<key>isa</key>
			<string>PBXFileReference</string>
			<key>lastKnownFileType</key>
			<string>sourcecode.swift</string>
			<key>path</key>
			<string>SplashQuoteView.swift</string>
			<key>sourceTree</key>
			<string>&lt;group&gt;</string>
		</dict>
		<key>0F6CFF80E0DA6229B03F4366</key>
		<dict>
			<key>isa</key>
			<string>PBXFileReference</string>
			<key>lastKnownFileType</key>
			<string>text.plist</string>
			<key>path</key>
			<string>Info.plist</string>
			<key>sourceTree</key>
			<string>&lt;group&gt;</string>
		</dict>
		<key>106A31E555DE5AE091468124</key>
		<dict>
			<key>isa</key>
			<string>PBXFileReference</string>
			<key>lastKnownFileType</key>
			<string>sourcecode.swift</string>
			<key>path</key>
			<string>AnyCategoryTests.swift</string>
			<key>sourceTree</key>
			<string>&lt;group&gt;</string>
		</dict>
		<key>1228A64F8016443F4CF1B6D1</key>
		<dict>
			<key>fileRef</key>
			<string>B1FB613C2AFE0B247060A974</string>
			<key>isa</key>
			<string>PBXBuildFile</string>
		</dict>
		<key>129C3445F14098B47F0DFE41</key>
		<dict>
			<key>fileRef</key>
			<string>315FD98085A1654860A02556</string>
			<key>isa</key>
			<string>PBXBuildFile</string>
		</dict>
		<key>12B98320A0AFCA4F2B80CE62</key>
		<dict>
			<key>buildSettings</key>
			<dict>
				<key>BUNDLE_LOADER</key>
				<string>$(TEST_HOST)</string>
				<key>LD_RUNPATH_SEARCH_PATHS</key>
				<array>
					<string>$(inherited)</string>
					<string>@executable_path/Frameworks</string>
					<string>@loader_path/Frameworks</string>
				</array>
				<key>PRODUCT_BUNDLE_IDENTIFIER</key>
				<string>com.jiandan.app.uitests</string>
				<key>SDKROOT</key>
				<string>iphoneos</string>
				<key>TARGETED_DEVICE_FAMILY</key>
				<string>1,2</string>
				<key>TEST_TARGET_NAME</key>
				<string>JianDan</string>
			</dict>
			<key>isa</key>
			<string>XCBuildConfiguration</string>
			<key>name</key>
			<string>Debug</string>
		</dict>
		<key>132E58443AB3251FA4F72E44</key>
		<dict>
			<key>isa</key>
			<string>PBXFileReference</string>
			<key>lastKnownFileType</key>
			<string>sourcecode.swift</string>
			<key>path</key>
			<string>DiaryEmptyView.swift</string>
			<key>sourceTree</key>
			<string>&lt;group&gt;</string>
		</dict>
		<key>14E005263BA1E601FECBD377</key>
		<dict>
			<key>isa</key>
			<string>PBXFileReference</string>
			<key>lastKnownFileType</key>
			<string>sourcecode.swift</string>
			<key>path</key>
			<string>FarewellImageGenerator.swift</string>
			<key>sourceTree</key>
			<string>&lt;group&gt;</string>
		</dict>
		<key>1645C3A512D3DCE50DFD69E3</key>
		<dict>
			<key>isa</key>
			<string>PBXFileReference</string>
			<key>lastKnownFileType</key>
			<string>text.plist.strings</string>
			<key>name</key>
			<string>en</string>
			<key>path</key>
			<string>en.lproj/InfoPlist.strings</string>
			<key>sourceTree</key>
			<string>&lt;group&gt;</string>
		</dict>
		<key>16D9C38B7AE96D0C586ED2F5</key>
		<dict>
			<key>fileRef</key>
			<string>6D523E96697D04AEBCE06B44</string>
			<key>isa</key>
			<string>PBXBuildFile</string>
		</dict>
		<key>17BB356ADA3826524FB7310E</key>
		<dict>
			<key>buildSettings</key>
			<dict>
				<key>ALWAYS_SEARCH_USER_PATHS</key>
				<string>NO</string>
				<key>CLANG_ANALYZER_NONNULL</key>
				<string>YES</string>
				<key>CLANG_ANALYZER_NUMBER_OBJECT_CONVERSION</key>
				<string>YES_AGGRESSIVE</string>
				<key>CLANG_CXX_LANGUAGE_STANDARD</key>
				<string>gnu++14</string>
				<key>CLANG_CXX_LIBRARY</key>
				<string>libc++</string>
				<key>CLANG_ENABLE_MODULES</key>
				<string>YES</string>
				<key>CLANG_ENABLE_OBJC_ARC</key>
				<string>YES</string>
				<key>CLANG_ENABLE_OBJC_WEAK</key>
				<string>YES</string>
				<key>CLANG_WARN_BLOCK_CAPTURE_AUTORELEASING</key>
				<string>YES</string>
				<key>CLANG_WARN_BOOL_CONVERSION</key>
				<string>YES</string>
				<key>CLANG_WARN_COMMA</key>
				<string>YES</string>
				<key>CLANG_WARN_CONSTANT_CONVERSION</key>
				<string>YES</string>
				<key>CLANG_WARN_DEPRECATED_OBJC_IMPLEMENTATIONS</key>
				<string>YES</string>
				<key>CLANG_WARN_DIRECT_OBJC_ISA_USAGE</key>
				<string>YES_ERROR</string>
				<key>CLANG_WARN_DOCUMENTATION_COMMENTS</key>
				<string>YES</string>
				<key>CLANG_WARN_EMPTY_BODY</key>
				<string>YES</string>
				<key>CLANG_WARN_ENUM_CONVERSION</key>
				<string>YES</string>
				<key>CLANG_WARN_INFINITE_RECURSION</key>
				<string>YES</string>
				<key>CLANG_WARN_INT_CONVERSION</key>
				<string>YES</string>
				<key>CLANG_WARN_NON_LITERAL_NULL_CONVERSION</key>
				<string>YES</string>
				<key>CLANG_WARN_OBJC_IMPLICIT_RETAIN_SELF</key>
				<string>YES</string>
				<key>CLANG_WARN_OBJC_LITERAL_CONVERSION</key>
				<string>YES</string>
				<key>CLANG_WARN_OBJC_ROOT_CLASS</key>
				<string>YES_ERROR</string>
				<key>CLANG_WARN_QUOTED_INCLUDE_IN_FRAMEWORK_HEADER</key>
				<string>YES</string>
				<key>CLANG_WARN_RANGE_LOOP_ANALYSIS</key>
				<string>YES</string>
				<key>CLANG_WARN_STRICT_PROTOTYPES</key>
				<string>YES</string>
				<key>CLANG_WARN_SUSPICIOUS_MOVE</key>
				<string>YES</string>
				<key>CLANG_WARN_UNGUARDED_AVAILABILITY</key>
				<string>YES_AGGRESSIVE</string>
				<key>CLANG_WARN_UNREACHABLE_CODE</key>
				<string>YES</string>
				<key>CLANG_WARN__DUPLICATE_METHOD_MATCH</key>
				<string>YES</string>
				<key>CODE_SIGN_IDENTITY</key>
				<string>Apple Development</string>
				<key>CODE_SIGN_STYLE</key>
				<string>Automatic</string>
				<key>COPY_PHASE_STRIP</key>
				<string>NO</string>
				<key>DEBUG_INFORMATION_FORMAT</key>
				<string>dwarf-with-dsym</string>
				<key>DEVELOPMENT_TEAM</key>
				<string></string>
				<key>ENABLE_NS_ASSERTIONS</key>
				<string>NO</string>
				<key>ENABLE_STRICT_OBJC_MSGSEND</key>
				<string>YES</string>
				<key>ENABLE_USER_SCRIPT_SANDBOXING</key>
				<string>NO</string>
				<key>GCC_C_LANGUAGE_STANDARD</key>
				<string>gnu11</string>
				<key>GCC_NO_COMMON_BLOCKS</key>
				<string>YES</string>
				<key>GCC_WARN_64_TO_32_BIT_CONVERSION</key>
				<string>YES</string>
				<key>GCC_WARN_ABOUT_RETURN_TYPE</key>
				<string>YES_ERROR</string>
				<key>GCC_WARN_UNDECLARED_SELECTOR</key>
				<string>YES</string>
				<key>GCC_WARN_UNINITIALIZED_AUTOS</key>
				<string>YES_AGGRESSIVE</string>
				<key>GCC_WARN_UNUSED_FUNCTION</key>
				<string>YES</string>
				<key>GCC_WARN_UNUSED_VARIABLE</key>
				<string>YES</string>
				<key>IPHONEOS_DEPLOYMENT_TARGET</key>
				<string>17.0</string>
				<key>MTL_ENABLE_DEBUG_INFO</key>
				<string>NO</string>
				<key>MTL_FAST_MATH</key>
				<string>YES</string>
				<key>PRODUCT_NAME</key>
				<string>$(TARGET_NAME)</string>
				<key>SDKROOT</key>
				<string>iphoneos</string>
				<key>SWIFT_COMPILATION_MODE</key>
				<string>wholemodule</string>
				<key>SWIFT_OPTIMIZATION_LEVEL</key>
				<string>-O</string>
				<key>SWIFT_VERSION</key>
				<string>5.10</string>
			</dict>
			<key>isa</key>
			<string>XCBuildConfiguration</string>
			<key>name</key>
			<string>Release</string>
		</dict>
		<key>195CBA3717213D2C7C8435D6</key>
		<dict>
			<key>fileRef</key>
			<string>653E826D7FEDD5AA9A1D0C4C</string>
			<key>isa</key>
			<string>PBXBuildFile</string>
		</dict>
		<key>19F95690CDC8F8F866CABEFC</key>
		<dict>
			<key>isa</key>
			<string>PBXFileReference</string>
			<key>lastKnownFileType</key>
			<string>sourcecode.swift</string>
			<key>path</key>
			<string>ShareSheet.swift</string>
			<key>sourceTree</key>
			<string>&lt;group&gt;</string>
		</dict>
		<key>1A170633E4143E83A09ED1BF</key>
		<dict>
			<key>buildActionMask</key>
			<string>2147483647</string>
			<key>files</key>
			<array>
				<string>9E6D3226DE308C911EEC4426</string>
				<string>F08B04C6C56711A13179F6CD</string>
				<string>716E636EA0AE737EF6F735EA</string>
				<string>516970643B352FD92E0864C7</string>
				<string>AB0932D80C56224F07CC226F</string>
				<string>A99323A6869E5548100AD577</string>
				<string>BF2408695CE30C33BF0187C4</string>
				<string>67D2F73FA8126C3A36F09E6B</string>
				<string>B561953380C0A4EDABD10011</string>
				<string>065BD47AD4B362A5D0102223</string>
				<string>908413F76A1F9D750839E5AB</string>
				<string>4D12ACE52287B25303B736C3</string>
				<string>483F77C5321D71E7CB460160</string>
				<string>4933616FB777AC4D83C29AF5</string>
				<string>5EAF2C9F6F5010EC8E942321</string>
				<string>D6E8C4170EF533A803AF6038</string>
				<string>43580C544DCB78AD64253EF5</string>
			</array>
			<key>isa</key>
			<string>PBXSourcesBuildPhase</string>
			<key>runOnlyForDeploymentPostprocessing</key>
			<string>0</string>
		</dict>
		<key>1B962C6E3A13804821016DDA</key>
		<dict>
			<key>attributes</key>
			<dict>
				<key>BuildIndependentTargetsInParallel</key>
				<string>YES</string>
				<key>LastUpgradeCheck</key>
				<string>1430</string>
				<key>TargetAttributes</key>
				<dict>
					<key>3D716C97DACAA72FD971B52A</key>
					<dict>
						<key>DevelopmentTeam</key>
						<string></string>
						<key>ProvisioningStyle</key>
						<string>Automatic</string>
					</dict>
					<key>68F5045CA27D14765A659F17</key>
					<dict>
						<key>DevelopmentTeam</key>
						<string></string>
						<key>ProvisioningStyle</key>
						<string>Automatic</string>
						<key>TestTargetID</key>
						<string>FAC99D824CA411E544335B6D</string>
					</dict>
					<key>FAC99D824CA411E544335B6D</key>
					<dict>
						<key>DevelopmentTeam</key>
						<string></string>
						<key>ProvisioningStyle</key>
						<string>Automatic</string>
					</dict>
				</dict>
			</dict>
			<key>buildConfigurationList</key>
			<string>7A94B1B32BDC07123652004A</string>
			<key>developmentRegion</key>
			<string>zh-Hans</string>
			<key>hasScannedForEncodings</key>
			<string>0</string>
			<key>isa</key>
			<string>PBXProject</string>
			<key>knownRegions</key>
			<array>
				<string>Base</string>
				<string>en</string>
				<string>ja</string>
				<string>zh-Hans</string>
			</array>
			<key>mainGroup</key>
			<string>9D376A627BD2BAEEF4DB3CC0</string>
			<key>minimizedProjectReferenceProxies</key>
			<string>1</string>
			<key>preferredProjectObjectVersion</key>
			<string>77</string>
			<key>productRefGroup</key>
			<string>3F1B0F4FB8A9521212822F64</string>
			<key>projectDirPath</key>
			<string></string>
			<key>projectRoot</key>
			<string></string>
			<key>targets</key>
			<array>
				<string>FAC99D824CA411E544335B6D</string>
				<string>3D716C97DACAA72FD971B52A</string>
				<string>68F5045CA27D14765A659F17</string>
			</array>
		</dict>
		<key>1ED2B38B019899E28F26C8EC</key>
		<dict>
			<key>fileRef</key>
			<string>7F5B22EB6CA3AB333D862CED</string>
			<key>isa</key>
			<string>PBXBuildFile</string>
		</dict>
		<key>1F5EC41F97B38D70B2A79EA8</key>
		<dict>
			<key>isa</key>
			<string>PBXFileReference</string>
			<key>lastKnownFileType</key>
			<string>sourcecode.swift</string>
			<key>path</key>
			<string>RemembranceCardModelTests.swift</string>
			<key>sourceTree</key>
			<string>&lt;group&gt;</string>
		</dict>
		<key>2029782CE9E44F5A7D36E945</key>
		<dict>
			<key>isa</key>
			<string>PBXFileReference</string>
			<key>lastKnownFileType</key>
			<string>text.plist.strings</string>
			<key>name</key>
			<string>ja</string>
			<key>path</key>
			<string>ja.lproj/Localizable.strings</string>
			<key>sourceTree</key>
			<string>&lt;group&gt;</string>
		</dict>
		<key>213D1E39B6D19CFFEDDC3FA4</key>
		<dict>
			<key>isa</key>
			<string>PBXFileReference</string>
			<key>lastKnownFileType</key>
			<string>sourcecode.swift</string>
			<key>path</key>
			<string>SplashSignal.swift</string>
			<key>sourceTree</key>
			<string>&lt;group&gt;</string>
		</dict>
		<key>215CC86D5E1D25181A78747C</key>
		<dict>
			<key>isa</key>
			<string>PBXFileReference</string>
			<key>lastKnownFileType</key>
			<string>sourcecode.swift</string>
			<key>path</key>
			<string>WisdomTests.swift</string>
			<key>sourceTree</key>
			<string>&lt;group&gt;</string>
		</dict>
		<key>2331AF26202D599EC5D36C4A</key>
		<dict>
			<key>isa</key>
			<string>PBXFileReference</string>
			<key>lastKnownFileType</key>
			<string>sourcecode.swift</string>
			<key>path</key>
			<string>AppSpacing.swift</string>
			<key>sourceTree</key>
			<string>&lt;group&gt;</string>
		</dict>
		<key>2784CD7FE36FCEA935CA5A40</key>
		<dict>
			<key>isa</key>
			<string>PBXFileReference</string>
			<key>lastKnownFileType</key>
			<string>sourcecode.swift</string>
			<key>path</key>
			<string>JianDanUITests.swift</string>
			<key>sourceTree</key>
			<string>&lt;group&gt;</string>
		</dict>
		<key>288710547798C8DF86143CCD</key>
		<dict>
			<key>fileRef</key>
			<string>5707BFE98662FEDB681AC732</string>
			<key>isa</key>
			<string>PBXBuildFile</string>
		</dict>
		<key>29C12AB320DE499C45112F1A</key>
		<dict>
			<key>buildConfigurations</key>
			<array>
				<string>8627DA6A2AF47BDF5C2C14A4</string>
				<string>9E761766BC66025E682DCD8A</string>
			</array>
			<key>defaultConfigurationIsVisible</key>
			<string>0</string>
			<key>defaultConfigurationName</key>
			<string>Debug</string>
			<key>isa</key>
			<string>XCConfigurationList</string>
		</dict>
		<key>2E508AC5FBF9E6A67D6A4574</key>
		<dict>
			<key>fileRef</key>
			<string>9B8FCD077678E9390B716892</string>
			<key>isa</key>
			<string>PBXBuildFile</string>
		</dict>
		<key>2F751EEA74965384BB7428FF</key>
		<dict>
			<key>isa</key>
			<string>PBXFileReference</string>
			<key>lastKnownFileType</key>
			<string>text.json</string>
			<key>path</key>
			<string>daily_quotes.json</string>
			<key>sourceTree</key>
			<string>&lt;group&gt;</string>
		</dict>
		<key>2F9629120408C93733B119F5</key>
		<dict>
			<key>isa</key>
			<string>PBXFileReference</string>
			<key>lastKnownFileType</key>
			<string>sourcecode.swift</string>
			<key>path</key>
			<string>ShimmerModifier.swift</string>
			<key>sourceTree</key>
			<string>&lt;group&gt;</string>
		</dict>
		<key>30970C787E0C541F325456C8</key>
		<dict>
			<key>isa</key>
			<string>PBXFileReference</string>
			<key>lastKnownFileType</key>
			<string>text.plist.strings</string>
			<key>name</key>
			<string>Localizable.strings</string>
			<key>path</key>
			<string>ja.lproj/Localizable.strings</string>
			<key>sourceTree</key>
			<string>&lt;group&gt;</string>
		</dict>
		<key>30F345B1EE86941AEF8FFDBE</key>
		<dict>
			<key>isa</key>
			<string>PBXFileReference</string>
			<key>lastKnownFileType</key>
			<string>sourcecode.swift</string>
			<key>path</key>
			<string>FarewellMethod.swift</string>
			<key>sourceTree</key>
			<string>&lt;group&gt;</string>
		</dict>
		<key>315FD98085A1654860A02556</key>
		<dict>
			<key>isa</key>
			<string>PBXFileReference</string>
			<key>lastKnownFileType</key>
			<string>sourcecode.swift</string>
			<key>path</key>
			<string>PhotoPickerSection.swift</string>
			<key>sourceTree</key>
			<string>&lt;group&gt;</string>
		</dict>
		<key>32C6FC4C98E0B9E17A222CEE</key>
		<dict>
			<key>children</key>
			<array>
				<string>57AD7ECD080FCCA91DE4DE79</string>
			</array>
			<key>isa</key>
			<string>PBXGroup</string>
			<key>path</key>
			<string>App</string>
			<key>sourceTree</key>
			<string>&lt;group&gt;</string>
		</dict>
		<key>343A8F732E1FA38AB7285DFA</key>
		<dict>
			<key>fileRef</key>
			<string>7AB68B3D4F4079460C6C4CA5</string>
			<key>isa</key>
			<string>PBXBuildFile</string>
		</dict>
		<key>3624BDFF611047C32092F048</key>
		<dict>
			<key>children</key>
			<array>
				<string>E421DB8D35799B304A11870A</string>
				<string>0E2D0E40B76735BC947EDB60</string>
			</array>
			<key>isa</key>
			<string>PBXGroup</string>
			<key>path</key>
			<string>Splash</string>
			<key>sourceTree</key>
			<string>&lt;group&gt;</string>
		</dict>
		<key>3641D28CD7043ECADF9EF4F9</key>
		<dict>
			<key>isa</key>
			<string>PBXFileReference</string>
			<key>lastKnownFileType</key>
			<string>sourcecode.swift</string>
			<key>path</key>
			<string>RandomSource.swift</string>
			<key>sourceTree</key>
			<string>&lt;group&gt;</string>
		</dict>
		<key>37DBAB4D09BD28F5B73E404A</key>
		<dict>
			<key>children</key>
			<array>
				<string>5CE3BF256622877B3CB2545B</string>
				<string>B74F39755CABDC41E091C98D</string>
			</array>
			<key>isa</key>
			<string>PBXGroup</string>
			<key>path</key>
			<string>Theme</string>
			<key>sourceTree</key>
			<string>&lt;group&gt;</string>
		</dict>
		<key>39ED5FEF4196749DDE8A5066</key>
		<dict>
			<key>fileRef</key>
			<string>93174AF13D308030FE5B1BB4</string>
			<key>isa</key>
			<string>PBXBuildFile</string>
		</dict>
		<key>3A24425288C83B294986AB8E</key>
		<dict>
			<key>includeInIndex</key>
			<string>0</string>
			<key>isa</key>
			<string>PBXFileReference</string>
			<key>lastKnownFileType</key>
			<string>wrapper.cfbundle</string>
			<key>path</key>
			<string>JianDanUITests.xctest</string>
			<key>sourceTree</key>
			<string>BUILT_PRODUCTS_DIR</string>
		</dict>
		<key>3A6D987CB3C3B4637E5E6A47</key>
		<dict>
			<key>isa</key>
			<string>PBXFileReference</string>
			<key>lastKnownFileType</key>
			<string>sourcecode.swift</string>
			<key>path</key>
			<string>CategoryPickerSection.swift</string>
			<key>sourceTree</key>
			<string>&lt;group&gt;</string>
		</dict>
		<key>3AE204AF3BD642F6E26321DA</key>
		<dict>
			<key>fileRef</key>
			<string>2F751EEA74965384BB7428FF</string>
			<key>isa</key>
			<string>PBXBuildFile</string>
		</dict>
		<key>3B9BE91D9FD2CDB43C3187AB</key>
		<dict>
			<key>buildActionMask</key>
			<string>2147483647</string>
			<key>files</key>
			<array>
				<string>833176EEBED53483C1CFB099</string>
				<string>F3D843F7E5CBFBDE631B11FB</string>
				<string>343A8F732E1FA38AB7285DFA</string>
				<string>48260C00D0BCE9C200F7ED77</string>
				<string>510DC1E578B8AAB36EC93E0F</string>
				<string>B77FE20C7050B5B6AEB7BE1B</string>
				<string>B460C927552FAB0105D5782C</string>
				<string>CE10408D699699ADDF4AF06C</string>
				<string>DDB1D458B9EB2C168CF0B004</string>
				<string>8EF52CE61CEAC7D58BCB47ED</string>
				<string>A1400292404297B98A058F6F</string>
				<string>455D2A85DBC0841CB6D98863</string>
				<string>3C2A753FDBD8CE6F6CA715C2</string>
				<string>4C182FD40A2AD3E53D02D2C3</string>
				<string>76EEF45DF3E8704C6F324925</string>
				<string>64D74FA47A484EDD32A0E8CA</string>
				<string>A628BE259E83A85497C5946A</string>
				<string>B38690AE58C44585101B1B6F</string>
				<string>BFF7FC2643DE6ABE8BD23D7B</string>
				<string>2E508AC5FBF9E6A67D6A4574</string>
				<string>7C9C8DEE7BC5DBDD45FDB7C9</string>
				<string>AB70777E643964DF2DCE52B8</string>
				<string>A6BBC88132F3CE115E5F343F</string>
				<string>195CBA3717213D2C7C8435D6</string>
				<string>1ED2B38B019899E28F26C8EC</string>
				<string>16D9C38B7AE96D0C586ED2F5</string>
				<string>6729CAE706D36D68AC690578</string>
				<string>F314F4BF2529B3A21329D245</string>
				<string>890FC4F0258F39243567F303</string>
				<string>5BACEAE7053A835528975831</string>
				<string>5E3EEC3B819F26C81EFDFE61</string>
				<string>129C3445F14098B47F0DFE41</string>
				<string>966EFDED469F08924E0B9D13</string>
				<string>F91F467082B5E6CD4112A585</string>
				<string>69BB38D93FBB32ADC5EDDE7A</string>
				<string>C23293C44CE6148B0AA81ED1</string>
				<string>39ED5FEF4196749DDE8A5066</string>
				<string>432F65EC6A3C19B982377F15</string>
				<string>288710547798C8DF86143CCD</string>
				<string>B6F5BF0A413029B2880415E8</string>
				<string>8A7900B2052AC5E156F60277</string>
				<string>C547894CEF5361CC8EE49646</string>
				<string>8EF76CDD29ACA95B521C0ABB</string>
				<string>BB7A51F8D22CA1D74EB558AF</string>
				<string>C59A1210C08F55E36A2AA4D3</string>
				<string>F3830D3298699FA078DF7D85</string>
				<string>CFEAD1EB12D1F585104350F1</string>
				<string>902CCEC2683401339A4BAF8C</string>
				<string>ABF18B5080D84A0730A97178</string>
				<string>8969BBF985D0CB1833233819</string>
				<string>80A5EA1E7278F1F038F0CC5B</string>
				<string>4CF125A0F526B99CFA6D81E6</string>
				<string>755AC1BA250516FF6A2BC3A1</string>
				<string>8B3E71CF2296479BEF30EC14</string>
				<string>62E402B2A4F658262B879FA5</string>
				<string>692147C796073FADE9305950</string>
				<string>0D5DACD9C229F125E35D64F8</string>
				<string>1228A64F8016443F4CF1B6D1</string>
			</array>
			<key>isa</key>
			<string>PBXSourcesBuildPhase</string>
			<key>runOnlyForDeploymentPostprocessing</key>
			<string>0</string>
		</dict>
		<key>3C2A753FDBD8CE6F6CA715C2</key>
		<dict>
			<key>fileRef</key>
			<string>53494900FAC687ED7FCEAAD2</string>
			<key>isa</key>
			<string>PBXBuildFile</string>
		</dict>
		<key>3C6BD2461455464F40371FB2</key>
		<dict>
			<key>isa</key>
			<string>PBXFileReference</string>
			<key>lastKnownFileType</key>
			<string>text.plist.strings</string>
			<key>name</key>
			<string>zh-Hans</string>
			<key>path</key>
			<string>zh-Hans.lproj/Localizable.strings</string>
			<key>sourceTree</key>
			<string>&lt;group&gt;</string>
		</dict>
		<key>3C9A13B3C0D1162B50124C1D</key>
		<dict>
			<key>isa</key>
			<string>PBXFileReference</string>
			<key>lastKnownFileType</key>
			<string>sourcecode.swift</string>
			<key>path</key>
			<string>PressScaleButtonStyle.swift</string>
			<key>sourceTree</key>
			<string>&lt;group&gt;</string>
		</dict>
		<key>3D716C97DACAA72FD971B52A</key>
		<dict>
			<key>buildConfigurationList</key>
			<string>88905F95BF733181C0C94DE8</string>
			<key>buildPhases</key>
			<array>
				<string>1A170633E4143E83A09ED1BF</string>
			</array>
			<key>buildRules</key>
			<array/>
			<key>dependencies</key>
			<array>
				<string>A7AD2E809D17108E56AD26D7</string>
			</array>
			<key>isa</key>
			<string>PBXNativeTarget</string>
			<key>name</key>
			<string>JianDanTests</string>
			<key>packageProductDependencies</key>
			<array/>
			<key>productName</key>
			<string>JianDanTests</string>
			<key>productReference</key>
			<string>ABD68AE45BECFB8F4FC7856E</string>
			<key>productType</key>
			<string>com.apple.product-type.bundle.unit-test</string>
		</dict>
		<key>3F1B0F4FB8A9521212822F64</key>
		<dict>
			<key>children</key>
			<array>
				<string>602A7458CAA4B431E49C9450</string>
				<string>ABD68AE45BECFB8F4FC7856E</string>
				<string>3A24425288C83B294986AB8E</string>
			</array>
			<key>isa</key>
			<string>PBXGroup</string>
			<key>name</key>
			<string>Products</string>
			<key>sourceTree</key>
			<string>&lt;group&gt;</string>
		</dict>
		<key>3F205C33EEFC96C6EF0844D3</key>
		<dict>
			<key>isa</key>
			<string>PBXFileReference</string>
			<key>lastKnownFileType</key>
			<string>sourcecode.swift</string>
			<key>path</key>
			<string>RemembranceCardView.swift</string>
			<key>sourceTree</key>
			<string>&lt;group&gt;</string>
		</dict>
		<key>3F613DC861E4076951C1A35B</key>
		<dict>
			<key>isa</key>
			<string>PBXFileReference</string>
			<key>lastKnownFileType</key>
			<string>sourcecode.swift</string>
			<key>path</key>
			<string>UserCategory.swift</string>
			<key>sourceTree</key>
			<string>&lt;group&gt;</string>
		</dict>
		<key>3F74183BF154AE62D6E8755B</key>
		<dict>
			<key>children</key>
			<array>
				<string>40A3DB61D72944A2D4F94CC1</string>
				<string>6A8F4526A17982744B455D11</string>
				<string>6ECE7FEDB25497446B422606</string>
				<string>F572DC358EF97BE079D35690</string>
			</array>
			<key>isa</key>
			<string>PBXGroup</string>
			<key>path</key>
			<string>Profile</string>
			<key>sourceTree</key>
			<string>&lt;group&gt;</string>
		</dict>
		<key>403F37DEA66F7FF4B2771CC1</key>
		<dict>
			<key>isa</key>
			<string>PBXFileReference</string>
			<key>lastKnownFileType</key>
			<string>text.json</string>
			<key>path</key>
			<string>sample_records.json</string>
			<key>sourceTree</key>
			<string>&lt;group&gt;</string>
		</dict>
		<key>40A3DB61D72944A2D4F94CC1</key>
		<dict>
			<key>isa</key>
			<string>PBXFileReference</string>
			<key>lastKnownFileType</key>
			<string>sourcecode.swift</string>
			<key>path</key>
			<string>CategoryManagementView.swift</string>
			<key>sourceTree</key>
			<string>&lt;group&gt;</string>
		</dict>
		<key>40EF65B8444AA069C0674633</key>
		<dict>
			<key>isa</key>
			<string>PBXFileReference</string>
			<key>lastKnownFileType</key>
			<string>sourcecode.swift</string>
			<key>path</key>
			<string>DataImporter.swift</string>
			<key>sourceTree</key>
			<string>&lt;group&gt;</string>
		</dict>
		<key>423CC3BB48A4D88527FD61F4</key>
		<dict>
			<key>isa</key>
			<string>PBXFileReference</string>
			<key>lastKnownFileType</key>
			<string>sourcecode.swift</string>
			<key>path</key>
			<string>AppTheme.swift</string>
			<key>sourceTree</key>
			<string>&lt;group&gt;</string>
		</dict>
		<key>432F65EC6A3C19B982377F15</key>
		<dict>
			<key>fileRef</key>
			<string>6A8F4526A17982744B455D11</string>
			<key>isa</key>
			<string>PBXBuildFile</string>
		</dict>
		<key>43580C544DCB78AD64253EF5</key>
		<dict>
			<key>fileRef</key>
			<string>215CC86D5E1D25181A78747C</string>
			<key>isa</key>
			<string>PBXBuildFile</string>
		</dict>
		<key>455D2A85DBC0841CB6D98863</key>
		<dict>
			<key>fileRef</key>
			<string>3A6D987CB3C3B4637E5E6A47</string>
			<key>isa</key>
			<string>PBXBuildFile</string>
		</dict>
		<key>46A17699380AB35CAC48D4F9</key>
		<dict>
			<key>children</key>
			<array>
				<string>FF9768E2C59E1A3862EBFD78</string>
				<string>663BE7C19EE7AD28A6863C31</string>
				<string>40EF65B8444AA069C0674633</string>
				<string>0DD43600565744E93CA4AE37</string>
				<string>14E005263BA1E601FECBD377</string>
				<string>6D523E96697D04AEBCE06B44</string>
				<string>4B641C5B51F39B3E67BAE341</string>
				<string>5707BFE98662FEDB681AC732</string>
				<string>3641D28CD7043ECADF9EF4F9</string>
				<string>612AFBA9F7DF1593D7F59626</string>
				<string>213D1E39B6D19CFFEDDC3FA4</string>
				<string>9C7A5B2D4756F6443DF04E00</string>
				<string>F6C588093BD3688B5E890E99</string>
				<string>F97A802DEEFF748A880F9068</string>
			</array>
			<key>isa</key>
			<string>PBXGroup</string>
			<key>path</key>
			<string>Services</string>
			<key>sourceTree</key>
			<string>&lt;group&gt;</string>
		</dict>
		<key>46AD2EF531F5CC30CCCE52B7</key>
		<dict>
			<key>children</key>
			<array>
				<string>72AF75FEA00D9679416E50B9</string>
				<string>7C1D6120609097BDD193316C</string>
				<string>5DB7B2485C868ACDD7E4D2D2</string>
				<string>CFCBA9681D655BB964DEB607</string>
				<string>8FBC91255D9A175AAB537393</string>
				<string>E70C1D27D99222F6D9E31899</string>
				<string>535DAC8882659EA922843FD3</string>
			</array>
			<key>isa</key>
			<string>PBXGroup</string>
			<key>path</key>
			<string>Resources</string>
			<key>sourceTree</key>
			<string>&lt;group&gt;</string>
		</dict>
		<key>46DEAAA9324AC86831B8B755</key>
		<dict>
			<key>isa</key>
			<string>PBXFileReference</string>
			<key>lastKnownFileType</key>
			<string>sourcecode.swift</string>
			<key>path</key>
			<string>CategoryTests.swift</string>
			<key>sourceTree</key>
			<string>&lt;group&gt;</string>
		</dict>
		<key>47A7FD0260CA59A165951A0D</key>
		<dict>
			<key>fileRef</key>
			<string>A0489F9F27F5B14BC635F440</string>
			<key>isa</key>
			<string>PBXBuildFile</string>
		</dict>
		<key>48260C00D0BCE9C200F7ED77</key>
		<dict>
			<key>fileRef</key>
			<string>66CFBDADD0674C65D35F1CAF</string>
			<key>isa</key>
			<string>PBXBuildFile</string>
		</dict>
		<key>483F77C5321D71E7CB460160</key>
		<dict>
			<key>fileRef</key>
			<string>F5B7C90D71E57A2B5ACC382A</string>
			<key>isa</key>
			<string>PBXBuildFile</string>
		</dict>
		<key>48E62130CCCA27A0B9200B62</key>
		<dict>
			<key>buildSettings</key>
			<dict>
				<key>BUNDLE_LOADER</key>
				<string>$(TEST_HOST)</string>
				<key>LD_RUNPATH_SEARCH_PATHS</key>
				<array>
					<string>$(inherited)</string>
					<string>@executable_path/Frameworks</string>
					<string>@loader_path/Frameworks</string>
				</array>
				<key>PRODUCT_BUNDLE_IDENTIFIER</key>
				<string>com.jiandan.app.tests</string>
				<key>SDKROOT</key>
				<string>iphoneos</string>
				<key>TARGETED_DEVICE_FAMILY</key>
				<string>1,2</string>
				<key>TEST_HOST</key>
				<string>$(BUILT_PRODUCTS_DIR)/JianDan.app/JianDan</string>
			</dict>
			<key>isa</key>
			<string>XCBuildConfiguration</string>
			<key>name</key>
			<string>Debug</string>
		</dict>
		<key>4933616FB777AC4D83C29AF5</key>
		<dict>
			<key>fileRef</key>
			<string>B74F39755CABDC41E091C98D</string>
			<key>isa</key>
			<string>PBXBuildFile</string>
		</dict>
		<key>4B24174DA2AF8775AFEF6E3A</key>
		<dict>
			<key>children</key>
			<array>
				<string>32C6FC4C98E0B9E17A222CEE</string>
				<string>D071596C25A278EFB53DBD36</string>
				<string>46AD2EF531F5CC30CCCE52B7</string>
				<string>46A17699380AB35CAC48D4F9</string>
				<string>885583FB155AD5E50FA48F06</string>
				<string>9CC00E670119B4ECA7DE1A04</string>
				<string>0F6CFF80E0DA6229B03F4366</string>
			</array>
			<key>isa</key>
			<string>PBXGroup</string>
			<key>path</key>
			<string>JianDan</string>
			<key>sourceTree</key>
			<string>&lt;group&gt;</string>
		</dict>
		<key>4B641C5B51F39B3E67BAE341</key>
		<dict>
			<key>isa</key>
			<string>PBXFileReference</string>
			<key>lastKnownFileType</key>
			<string>sourcecode.swift</string>
			<key>path</key>
			<string>LanguageManager.swift</string>
			<key>sourceTree</key>
			<string>&lt;group&gt;</string>
		</dict>
		<key>4BFC5F5FAB46F7765CCBDC23</key>
		<dict>
			<key>isa</key>
			<string>PBXFileReference</string>
			<key>lastKnownFileType</key>
			<string>sourcecode.swift</string>
			<key>path</key>
			<string>CategoryManagementUITests.swift</string>
			<key>sourceTree</key>
			<string>&lt;group&gt;</string>
		</dict>
		<key>4C182FD40A2AD3E53D02D2C3</key>
		<dict>
			<key>fileRef</key>
			<string>663BE7C19EE7AD28A6863C31</string>
			<key>isa</key>
			<string>PBXBuildFile</string>
		</dict>
		<key>4CE1463B434CA833A0806D5E</key>
		<dict>
			<key>fileRef</key>
			<string>535DAC8882659EA922843FD3</string>
			<key>isa</key>
			<string>PBXBuildFile</string>
		</dict>
		<key>4CF125A0F526B99CFA6D81E6</key>
		<dict>
			<key>fileRef</key>
			<string>9C7A5B2D4756F6443DF04E00</string>
			<key>isa</key>
			<string>PBXBuildFile</string>
		</dict>
		<key>4D12ACE52287B25303B736C3</key>
		<dict>
			<key>fileRef</key>
			<string>7E85F6D983B0E4503AAE8250</string>
			<key>isa</key>
			<string>PBXBuildFile</string>
		</dict>
		<key>4E404CD8DE46A5A1A1231CEE</key>
		<dict>
			<key>fileRef</key>
			<string>CCA890F1002D99CA30902C87</string>
			<key>isa</key>
			<string>PBXBuildFile</string>
		</dict>
		<key>4E53B4EC7D0135199D81F87E</key>
		<dict>
			<key>isa</key>
			<string>PBXFileReference</string>
			<key>lastKnownFileType</key>
			<string>sourcecode.swift</string>
			<key>path</key>
			<string>PhotoViewerSheet.swift</string>
			<key>sourceTree</key>
			<string>&lt;group&gt;</string>
		</dict>
		<key>510DC1E578B8AAB36EC93E0F</key>
		<dict>
			<key>fileRef</key>
			<string>7D8BA6D86201E88194701B80</string>
			<key>isa</key>
			<string>PBXBuildFile</string>
		</dict>
		<key>516970643B352FD92E0864C7</key>
		<dict>
			<key>fileRef</key>
			<string>7CB87889DA90CC45879AAD7E</string>
			<key>isa</key>
			<string>PBXBuildFile</string>
		</dict>
		<key>5281ACB68AB648895D8E6844</key>
		<dict>
			<key>isa</key>
			<string>PBXTargetDependency</string>
			<key>target</key>
			<string>FAC99D824CA411E544335B6D</string>
			<key>targetProxy</key>
			<string>B58E9D42FB739E45E1759F47</string>
		</dict>
		<key>53494900FAC687ED7FCEAAD2</key>
		<dict>
			<key>isa</key>
			<string>PBXFileReference</string>
			<key>lastKnownFileType</key>
			<string>sourcecode.swift</string>
			<key>path</key>
			<string>Currency.swift</string>
			<key>sourceTree</key>
			<string>&lt;group&gt;</string>
		</dict>
		<key>535DAC8882659EA922843FD3</key>
		<dict>
			<key>children</key>
			<array>
				<string>A375AEEAA32DEA569BAFD25B</string>
				<string>72B4A834196FC87137E1E756</string>
				<string>30970C787E0C541F325456C8</string>
			</array>
			<key>isa</key>
			<string>PBXVariantGroup</string>
			<key>name</key>
			<string>Localizable.strings</string>
			<key>sourceTree</key>
			<string>&lt;group&gt;</string>
		</dict>
		<key>5707BFE98662FEDB681AC732</key>
		<dict>
			<key>isa</key>
			<string>PBXFileReference</string>
			<key>lastKnownFileType</key>
			<string>sourcecode.swift</string>
			<key>path</key>
			<string>QuoteRepository.swift</string>
			<key>sourceTree</key>
			<string>&lt;group&gt;</string>
		</dict>
		<key>57AD7ECD080FCCA91DE4DE79</key>
		<dict>
			<key>isa</key>
			<string>PBXFileReference</string>
			<key>lastKnownFileType</key>
			<string>sourcecode.swift</string>
			<key>path</key>
			<string>JianDanApp.swift</string>
			<key>sourceTree</key>
			<string>&lt;group&gt;</string>
		</dict>
		<key>5BACEAE7053A835528975831</key>
		<dict>
			<key>fileRef</key>
			<string>5C6DD2FFBF32B06E4BB63605</string>
			<key>isa</key>
			<string>PBXBuildFile</string>
		</dict>
		<key>5C6DD2FFBF32B06E4BB63605</key>
		<dict>
			<key>isa</key>
			<string>PBXFileReference</string>
			<key>lastKnownFileType</key>
			<string>sourcecode.swift</string>
			<key>path</key>
			<string>NewCategorySheet.swift</string>
			<key>sourceTree</key>
			<string>&lt;group&gt;</string>
		</dict>
		<key>5CE3BF256622877B3CB2545B</key>
		<dict>
			<key>isa</key>
			<string>PBXFileReference</string>
			<key>lastKnownFileType</key>
			<string>sourcecode.swift</string>
			<key>path</key>
			<string>AppThemeTests.swift</string>
			<key>sourceTree</key>
			<string>&lt;group&gt;</string>
		</dict>
		<key>5DB7B2485C868ACDD7E4D2D2</key>
		<dict>
			<key>children</key>
			<array>
				<string>2F751EEA74965384BB7428FF</string>
			</array>
			<key>isa</key>
			<string>PBXGroup</string>
			<key>path</key>
			<string>Quotes</string>
			<key>sourceTree</key>
			<string>&lt;group&gt;</string>
		</dict>
		<key>5E3EEC3B819F26C81EFDFE61</key>
		<dict>
			<key>fileRef</key>
			<string>042C3A3CDD346236BEDE492E</string>
			<key>isa</key>
			<string>PBXBuildFile</string>
		</dict>
		<key>5EAF2C9F6F5010EC8E942321</key>
		<dict>
			<key>fileRef</key>
			<string>05F30AD255C73EE3A5BE3372</string>
			<key>isa</key>
			<string>PBXBuildFile</string>
		</dict>
		<key>5F9E9B29AC1A6176D37D6818</key>
		<dict>
			<key>children</key>
			<array>
				<string>BBAAA294CC4F29FF2B766BEE</string>
				<string>B09285E1E86D35EE91C2E8CE</string>
				<string>37DBAB4D09BD28F5B73E404A</string>
			</array>
			<key>isa</key>
			<string>PBXGroup</string>
			<key>path</key>
			<string>JianDanTests</string>
			<key>sourceTree</key>
			<string>&lt;group&gt;</string>
		</dict>
		<key>602A7458CAA4B431E49C9450</key>
		<dict>
			<key>includeInIndex</key>
			<string>0</string>
			<key>isa</key>
			<string>PBXFileReference</string>
			<key>lastKnownFileType</key>
			<string>wrapper.application</string>
			<key>path</key>
			<string>JianDan.app</string>
			<key>sourceTree</key>
			<string>BUILT_PRODUCTS_DIR</string>
		</dict>
		<key>60764F73DDAF2C9EF258B9CA</key>
		<dict>
			<key>children</key>
			<array>
				<string>8219FA361E37E6D1FF2EAAE8</string>
				<string>7F5B22EB6CA3AB333D862CED</string>
				<string>042C3A3CDD346236BEDE492E</string>
			</array>
			<key>isa</key>
			<string>PBXGroup</string>
			<key>path</key>
			<string>Detail</string>
			<key>sourceTree</key>
			<string>&lt;group&gt;</string>
		</dict>
		<key>612AFBA9F7DF1593D7F59626</key>
		<dict>
			<key>isa</key>
			<string>PBXFileReference</string>
			<key>lastKnownFileType</key>
			<string>sourcecode.swift</string>
			<key>path</key>
			<string>RecordDeleter.swift</string>
			<key>sourceTree</key>
			<string>&lt;group&gt;</string>
		</dict>
		<key>62E402B2A4F658262B879FA5</key>
		<dict>
			<key>fileRef</key>
			<string>F97A802DEEFF748A880F9068</string>
			<key>isa</key>
			<string>PBXBuildFile</string>
		</dict>
		<key>6435864290CE9E2ECFF7BF3D</key>
		<dict>
			<key>isa</key>
			<string>PBXFileReference</string>
			<key>lastKnownFileType</key>
			<string>sourcecode.swift</string>
			<key>path</key>
			<string>Typography.swift</string>
			<key>sourceTree</key>
			<string>&lt;group&gt;</string>
		</dict>
		<key>64D74FA47A484EDD32A0E8CA</key>
		<dict>
			<key>fileRef</key>
			<string>132E58443AB3251FA4F72E44</string>
			<key>isa</key>
			<string>PBXBuildFile</string>
		</dict>
		<key>653E826D7FEDD5AA9A1D0C4C</key>
		<dict>
			<key>isa</key>
			<string>PBXFileReference</string>
			<key>lastKnownFileType</key>
			<string>sourcecode.swift</string>
			<key>path</key>
			<string>FarewellRecord.swift</string>
			<key>sourceTree</key>
			<string>&lt;group&gt;</string>
		</dict>
		<key>6611CC1797287E51BEAB557F</key>
		<dict>
			<key>fileRef</key>
			<string>E70C1D27D99222F6D9E31899</string>
			<key>isa</key>
			<string>PBXBuildFile</string>
		</dict>
		<key>663BE7C19EE7AD28A6863C31</key>
		<dict>
			<key>isa</key>
			<string>PBXFileReference</string>
			<key>lastKnownFileType</key>
			<string>sourcecode.swift</string>
			<key>path</key>
			<string>CurrencyManager.swift</string>
			<key>sourceTree</key>
			<string>&lt;group&gt;</string>
		</dict>
		<key>66CFBDADD0674C65D35F1CAF</key>
		<dict>
			<key>isa</key>
			<string>PBXFileReference</string>
			<key>lastKnownFileType</key>
			<string>sourcecode.swift</string>
			<key>path</key>
			<string>AppLanguage.swift</string>
			<key>sourceTree</key>
			<string>&lt;group&gt;</string>
		</dict>
		<key>6729CAE706D36D68AC690578</key>
		<dict>
			<key>fileRef</key>
			<string>57AD7ECD080FCCA91DE4DE79</string>
			<key>isa</key>
			<string>PBXBuildFile</string>
		</dict>
		<key>67D2F73FA8126C3A36F09E6B</key>
		<dict>
			<key>fileRef</key>
			<string>8C1244719ED29A3502A40DD4</string>
			<key>isa</key>
			<string>PBXBuildFile</string>
		</dict>
		<key>68F5045CA27D14765A659F17</key>
		<dict>
			<key>buildConfigurationList</key>
			<string>A4934A420E12002487BB23CB</string>
			<key>buildPhases</key>
			<array>
				<string>037785C7B9B52A2924F7AC85</string>
			</array>
			<key>buildRules</key>
			<array/>
			<key>dependencies</key>
			<array>
				<string>5281ACB68AB648895D8E6844</string>
			</array>
			<key>isa</key>
			<string>PBXNativeTarget</string>
			<key>name</key>
			<string>JianDanUITests</string>
			<key>packageProductDependencies</key>
			<array/>
			<key>productName</key>
			<string>JianDanUITests</string>
			<key>productReference</key>
			<string>3A24425288C83B294986AB8E</string>
			<key>productType</key>
			<string>com.apple.product-type.bundle.ui-testing</string>
		</dict>
		<key>692147C796073FADE9305950</key>
		<dict>
			<key>fileRef</key>
			<string>6435864290CE9E2ECFF7BF3D</string>
			<key>isa</key>
			<string>PBXBuildFile</string>
		</dict>
		<key>69BB38D93FBB32ADC5EDDE7A</key>
		<dict>
			<key>fileRef</key>
			<string>F3AFD60EDC07084855C3D0A7</string>
			<key>isa</key>
			<string>PBXBuildFile</string>
		</dict>
		<key>6A8F4526A17982744B455D11</key>
		<dict>
			<key>isa</key>
			<string>PBXFileReference</string>
			<key>lastKnownFileType</key>
			<string>sourcecode.swift</string>
			<key>path</key>
			<string>ProfileView.swift</string>
			<key>sourceTree</key>
			<string>&lt;group&gt;</string>
		</dict>
		<key>6D523E96697D04AEBCE06B44</key>
		<dict>
			<key>isa</key>
			<string>PBXFileReference</string>
			<key>lastKnownFileType</key>
			<string>sourcecode.swift</string>
			<key>path</key>
			<string>ImageStore.swift</string>
			<key>sourceTree</key>
			<string>&lt;group&gt;</string>
		</dict>
		<key>6ECE7FEDB25497446B422606</key>
		<dict>
			<key>isa</key>
			<string>PBXFileReference</string>
			<key>lastKnownFileType</key>
			<string>sourcecode.swift</string>
			<key>path</key>
			<string>SettingsView.swift</string>
			<key>sourceTree</key>
			<string>&lt;group&gt;</string>
		</dict>
		<key>6F04DCCF47916FEE30943D16</key>
		<dict>
			<key>children</key>
			<array>
				<string>B6C10B87A7A5D7AE535F63F9</string>
				<string>FA98C0AADB363F540EBC3A4B</string>
				<string>3A6D987CB3C3B4637E5E6A47</string>
				<string>F8291787AC78FDB5D852356D</string>
				<string>A6B6B4C4218C5334726D6EDB</string>
				<string>5C6DD2FFBF32B06E4BB63605</string>
				<string>315FD98085A1654860A02556</string>
				<string>F3AFD60EDC07084855C3D0A7</string>
				<string>93174AF13D308030FE5B1BB4</string>
				<string>19F95690CDC8F8F866CABEFC</string>
			</array>
			<key>isa</key>
			<string>PBXGroup</string>
			<key>path</key>
			<string>AddFarewell</string>
			<key>sourceTree</key>
			<string>&lt;group&gt;</string>
		</dict>
		<key>6F3142ABE9BBCEA39B33501D</key>
		<dict>
			<key>fileRef</key>
			<string>7CC922E49CE05ED0E2E58202</string>
			<key>isa</key>
			<string>PBXBuildFile</string>
		</dict>
		<key>716E636EA0AE737EF6F735EA</key>
		<dict>
			<key>fileRef</key>
			<string>46DEAAA9324AC86831B8B755</string>
			<key>isa</key>
			<string>PBXBuildFile</string>
		</dict>
		<key>72AF75FEA00D9679416E50B9</key>
		<dict>
			<key>children</key>
			<array>
				<string>1645C3A512D3DCE50DFD69E3</string>
				<string>896B1E52A2AB8C4B2F35E5F4</string>
				<string>F84CF8105907C5D3A228E813</string>
			</array>
			<key>isa</key>
			<string>PBXVariantGroup</string>
			<key>name</key>
			<string>InfoPlist.strings</string>
			<key>sourceTree</key>
			<string>&lt;group&gt;</string>
		</dict>
		<key>72B4A834196FC87137E1E756</key>
		<dict>
			<key>isa</key>
			<string>PBXFileReference</string>
			<key>lastKnownFileType</key>
			<string>text.plist.strings</string>
			<key>name</key>
			<string>Localizable.strings</string>
			<key>path</key>
			<string>en.lproj/Localizable.strings</string>
			<key>sourceTree</key>
			<string>&lt;group&gt;</string>
		</dict>
		<key>755AC1BA250516FF6A2BC3A1</key>
		<dict>
			<key>fileRef</key>
			<string>F572DC358EF97BE079D35690</string>
			<key>isa</key>
			<string>PBXBuildFile</string>
		</dict>
		<key>75E21D46530A338E4AC74522</key>
		<dict>
			<key>buildSettings</key>
			<dict>
				<key>ALWAYS_SEARCH_USER_PATHS</key>
				<string>NO</string>
				<key>CLANG_ANALYZER_NONNULL</key>
				<string>YES</string>
				<key>CLANG_ANALYZER_NUMBER_OBJECT_CONVERSION</key>
				<string>YES_AGGRESSIVE</string>
				<key>CLANG_CXX_LANGUAGE_STANDARD</key>
				<string>gnu++14</string>
				<key>CLANG_CXX_LIBRARY</key>
				<string>libc++</string>
				<key>CLANG_ENABLE_MODULES</key>
				<string>YES</string>
				<key>CLANG_ENABLE_OBJC_ARC</key>
				<string>YES</string>
				<key>CLANG_ENABLE_OBJC_WEAK</key>
				<string>YES</string>
				<key>CLANG_WARN_BLOCK_CAPTURE_AUTORELEASING</key>
				<string>YES</string>
				<key>CLANG_WARN_BOOL_CONVERSION</key>
				<string>YES</string>
				<key>CLANG_WARN_COMMA</key>
				<string>YES</string>
				<key>CLANG_WARN_CONSTANT_CONVERSION</key>
				<string>YES</string>
				<key>CLANG_WARN_DEPRECATED_OBJC_IMPLEMENTATIONS</key>
				<string>YES</string>
				<key>CLANG_WARN_DIRECT_OBJC_ISA_USAGE</key>
				<string>YES_ERROR</string>
				<key>CLANG_WARN_DOCUMENTATION_COMMENTS</key>
				<string>YES</string>
				<key>CLANG_WARN_EMPTY_BODY</key>
				<string>YES</string>
				<key>CLANG_WARN_ENUM_CONVERSION</key>
				<string>YES</string>
				<key>CLANG_WARN_INFINITE_RECURSION</key>
				<string>YES</string>
				<key>CLANG_WARN_INT_CONVERSION</key>
				<string>YES</string>
				<key>CLANG_WARN_NON_LITERAL_NULL_CONVERSION</key>
				<string>YES</string>
				<key>CLANG_WARN_OBJC_IMPLICIT_RETAIN_SELF</key>
				<string>YES</string>
				<key>CLANG_WARN_OBJC_LITERAL_CONVERSION</key>
				<string>YES</string>
				<key>CLANG_WARN_OBJC_ROOT_CLASS</key>
				<string>YES_ERROR</string>
				<key>CLANG_WARN_QUOTED_INCLUDE_IN_FRAMEWORK_HEADER</key>
				<string>YES</string>
				<key>CLANG_WARN_RANGE_LOOP_ANALYSIS</key>
				<string>YES</string>
				<key>CLANG_WARN_STRICT_PROTOTYPES</key>
				<string>YES</string>
				<key>CLANG_WARN_SUSPICIOUS_MOVE</key>
				<string>YES</string>
				<key>CLANG_WARN_UNGUARDED_AVAILABILITY</key>
				<string>YES_AGGRESSIVE</string>
				<key>CLANG_WARN_UNREACHABLE_CODE</key>
				<string>YES</string>
				<key>CLANG_WARN__DUPLICATE_METHOD_MATCH</key>
				<string>YES</string>
				<key>CODE_SIGN_IDENTITY</key>
				<string>Apple Development</string>
				<key>CODE_SIGN_STYLE</key>
				<string>Automatic</string>
				<key>COPY_PHASE_STRIP</key>
				<string>NO</string>
				<key>DEBUG_INFORMATION_FORMAT</key>
				<string>dwarf</string>
				<key>DEVELOPMENT_TEAM</key>
				<string></string>
				<key>ENABLE_STRICT_OBJC_MSGSEND</key>
				<string>YES</string>
				<key>ENABLE_TESTABILITY</key>
				<string>YES</string>
				<key>ENABLE_USER_SCRIPT_SANDBOXING</key>
				<string>NO</string>
				<key>GCC_C_LANGUAGE_STANDARD</key>
				<string>gnu11</string>
				<key>GCC_DYNAMIC_NO_PIC</key>
				<string>NO</string>
				<key>GCC_NO_COMMON_BLOCKS</key>
				<string>YES</string>
				<key>GCC_OPTIMIZATION_LEVEL</key>
				<string>0</string>
				<key>GCC_PREPROCESSOR_DEFINITIONS</key>
				<array>
					<string>$(inherited)</string>
					<string>DEBUG=1</string>
				</array>
				<key>GCC_WARN_64_TO_32_BIT_CONVERSION</key>
				<string>YES</string>
				<key>GCC_WARN_ABOUT_RETURN_TYPE</key>
				<string>YES_ERROR</string>
				<key>GCC_WARN_UNDECLARED_SELECTOR</key>
				<string>YES</string>
				<key>GCC_WARN_UNINITIALIZED_AUTOS</key>
				<string>YES_AGGRESSIVE</string>
				<key>GCC_WARN_UNUSED_FUNCTION</key>
				<string>YES</string>
				<key>GCC_WARN_UNUSED_VARIABLE</key>
				<string>YES</string>
				<key>IPHONEOS_DEPLOYMENT_TARGET</key>
				<string>17.0</string>
				<key>MTL_ENABLE_DEBUG_INFO</key>
				<string>INCLUDE_SOURCE</string>
				<key>MTL_FAST_MATH</key>
				<string>YES</string>
				<key>ONLY_ACTIVE_ARCH</key>
				<string>YES</string>
				<key>PRODUCT_NAME</key>
				<string>$(TARGET_NAME)</string>
				<key>SDKROOT</key>
				<string>iphoneos</string>
				<key>SWIFT_ACTIVE_COMPILATION_CONDITIONS</key>
				<string>DEBUG</string>
				<key>SWIFT_OPTIMIZATION_LEVEL</key>
				<string>-Onone</string>
				<key>SWIFT_VERSION</key>
				<string>5.10</string>
			</dict>
			<key>isa</key>
			<string>XCBuildConfiguration</string>
			<key>name</key>
			<string>Debug</string>
		</dict>
		<key>76EEF45DF3E8704C6F324925</key>
		<dict>
			<key>fileRef</key>
			<string>40EF65B8444AA069C0674633</string>
			<key>isa</key>
			<string>PBXBuildFile</string>
		</dict>
		<key>7A94B1B32BDC07123652004A</key>
		<dict>
			<key>buildConfigurations</key>
			<array>
				<string>75E21D46530A338E4AC74522</string>
				<string>17BB356ADA3826524FB7310E</string>
			</array>
			<key>defaultConfigurationIsVisible</key>
			<string>0</string>
			<key>defaultConfigurationName</key>
			<string>Debug</string>
			<key>isa</key>
			<string>XCConfigurationList</string>
		</dict>
		<key>7AB68B3D4F4079460C6C4CA5</key>
		<dict>
			<key>isa</key>
			<string>PBXFileReference</string>
			<key>lastKnownFileType</key>
			<string>sourcecode.swift</string>
			<key>path</key>
			<string>AppColors.swift</string>
			<key>sourceTree</key>
			<string>&lt;group&gt;</string>
		</dict>
		<key>7C1D6120609097BDD193316C</key>
		<dict>
			<key>children</key>
			<array>
				<string>BDCF48BE4A1C2A90C99386D7</string>
				<string>2029782CE9E44F5A7D36E945</string>
				<string>3C6BD2461455464F40371FB2</string>
			</array>
			<key>isa</key>
			<string>PBXVariantGroup</string>
			<key>name</key>
			<string>Localizable.strings</string>
			<key>sourceTree</key>
			<string>&lt;group&gt;</string>
		</dict>
		<key>7C9C8DEE7BC5DBDD45FDB7C9</key>
		<dict>
			<key>fileRef</key>
			<string>8219FA361E37E6D1FF2EAAE8</string>
			<key>isa</key>
			<string>PBXBuildFile</string>
		</dict>
		<key>7CB87889DA90CC45879AAD7E</key>
		<dict>
			<key>isa</key>
			<string>PBXFileReference</string>
			<key>lastKnownFileType</key>
			<string>sourcecode.swift</string>
			<key>path</key>
			<string>CurrencyTests.swift</string>
			<key>sourceTree</key>
			<string>&lt;group&gt;</string>
		</dict>
		<key>7CC922E49CE05ED0E2E58202</key>
		<dict>
			<key>isa</key>
			<string>PBXFileReference</string>
			<key>lastKnownFileType</key>
			<string>sourcecode.swift</string>
			<key>path</key>
			<string>FarewellFlowUITests.swift</string>
			<key>sourceTree</key>
			<string>&lt;group&gt;</string>
		</dict>
		<key>7D8BA6D86201E88194701B80</key>
		<dict>
			<key>isa</key>
			<string>PBXFileReference</string>
			<key>lastKnownFileType</key>
			<string>sourcecode.swift</string>
			<key>path</key>
			<string>AppRadius.swift</string>
			<key>sourceTree</key>
			<string>&lt;group&gt;</string>
		</dict>
		<key>7E85F6D983B0E4503AAE8250</key>
		<dict>
			<key>isa</key>
			<string>PBXFileReference</string>
			<key>lastKnownFileType</key>
			<string>sourcecode.swift</string>
			<key>path</key>
			<string>SplashCoordinatorTests.swift</string>
			<key>sourceTree</key>
			<string>&lt;group&gt;</string>
		</dict>
		<key>7EC2A458A31F0115B8120BC2</key>
		<dict>
			<key>isa</key>
			<string>PBXFileReference</string>
			<key>lastKnownFileType</key>
			<string>sourcecode.swift</string>
			<key>path</key>
			<string>RemembranceCardModel.swift</string>
			<key>sourceTree</key>
			<string>&lt;group&gt;</string>
		</dict>
		<key>7F5B22EB6CA3AB333D862CED</key>
		<dict>
			<key>isa</key>
			<string>PBXFileReference</string>
			<key>lastKnownFileType</key>
			<string>sourcecode.swift</string>
			<key>path</key>
			<string>FullScreenImageViewer.swift</string>
			<key>sourceTree</key>
			<string>&lt;group&gt;</string>
		</dict>
		<key>80A5EA1E7278F1F038F0CC5B</key>
		<dict>
			<key>fileRef</key>
			<string>213D1E39B6D19CFFEDDC3FA4</string>
			<key>isa</key>
			<string>PBXBuildFile</string>
		</dict>
		<key>81D8005645BB844FA6BA12AA</key>
		<dict>
			<key>isa</key>
			<string>PBXFileReference</string>
			<key>lastKnownFileType</key>
			<string>text.plist.strings</string>
			<key>name</key>
			<string>InfoPlist.strings</string>
			<key>path</key>
			<string>ja.lproj/InfoPlist.strings</string>
			<key>sourceTree</key>
			<string>&lt;group&gt;</string>
		</dict>
		<key>8219FA361E37E6D1FF2EAAE8</key>
		<dict>
			<key>isa</key>
			<string>PBXFileReference</string>
			<key>lastKnownFileType</key>
			<string>sourcecode.swift</string>
			<key>path</key>
			<string>FarewellDetailView.swift</string>
			<key>sourceTree</key>
			<string>&lt;group&gt;</string>
		</dict>
		<key>833176EEBED53483C1CFB099</key>
		<dict>
			<key>fileRef</key>
			<string>FF9768E2C59E1A3862EBFD78</string>
			<key>isa</key>
			<string>PBXBuildFile</string>
		</dict>
		<key>8488E941677635BC790A0B27</key>
		<dict>
			<key>isa</key>
			<string>PBXFileReference</string>
			<key>lastKnownFileType</key>
			<string>sourcecode.swift</string>
			<key>path</key>
			<string>QuoteRepositoryTests.swift</string>
			<key>sourceTree</key>
			<string>&lt;group&gt;</string>
		</dict>
		<key>8627DA6A2AF47BDF5C2C14A4</key>
		<dict>
			<key>buildSettings</key>
			<dict>
				<key>ASSETCATALOG_COMPILER_APPICON_NAME</key>
				<string>AppIcon</string>
				<key>ASSETCATALOG_COMPILER_GLOBAL_ACCENT_COLOR_NAME</key>
				<string>AccentColor</string>
				<key>CODE_SIGN_IDENTITY</key>
				<string>iPhone Developer</string>
				<key>ENABLE_PREVIEWS</key>
				<string>YES</string>
				<key>INFOPLIST_FILE</key>
				<string>JianDan/Info.plist</string>
				<key>LD_RUNPATH_SEARCH_PATHS</key>
				<array>
					<string>$(inherited)</string>
					<string>@executable_path/Frameworks</string>
				</array>
				<key>PRODUCT_BUNDLE_IDENTIFIER</key>
				<string>com.jiandan.app</string>
				<key>SDKROOT</key>
				<string>iphoneos</string>
				<key>TARGETED_DEVICE_FAMILY</key>
				<string>1,2</string>
			</dict>
			<key>isa</key>
			<string>XCBuildConfiguration</string>
			<key>name</key>
			<string>Debug</string>
		</dict>
		<key>86392142ABA790AF7701776B</key>
		<dict>
			<key>isa</key>
			<string>PBXFileReference</string>
			<key>lastKnownFileType</key>
			<string>sourcecode.swift</string>
			<key>path</key>
			<string>ViewLogicTests.swift</string>
			<key>sourceTree</key>
			<string>&lt;group&gt;</string>
		</dict>
		<key>885583FB155AD5E50FA48F06</key>
		<dict>
			<key>children</key>
			<array>
				<string>7AB68B3D4F4079460C6C4CA5</string>
				<string>7D8BA6D86201E88194701B80</string>
				<string>2331AF26202D599EC5D36C4A</string>
				<string>423CC3BB48A4D88527FD61F4</string>
				<string>2F9629120408C93733B119F5</string>
				<string>6435864290CE9E2ECFF7BF3D</string>
			</array>
			<key>isa</key>
			<string>PBXGroup</string>
			<key>path</key>
			<string>Theme</string>
			<key>sourceTree</key>
			<string>&lt;group&gt;</string>
		</dict>
		<key>88905F95BF733181C0C94DE8</key>
		<dict>
			<key>buildConfigurations</key>
			<array>
				<string>48E62130CCCA27A0B9200B62</string>
				<string>B90C94C6784A12C05D3814C9</string>
			</array>
			<key>defaultConfigurationIsVisible</key>
			<string>0</string>
			<key>defaultConfigurationName</key>
			<string>Debug</string>
			<key>isa</key>
			<string>XCConfigurationList</string>
		</dict>
		<key>890FC4F0258F39243567F303</key>
		<dict>
			<key>fileRef</key>
			<string>A6B6B4C4218C5334726D6EDB</string>
			<key>isa</key>
			<string>PBXBuildFile</string>
		</dict>
		<key>8969BBF985D0CB1833233819</key>
		<dict>
			<key>fileRef</key>
			<string>0E2D0E40B76735BC947EDB60</string>
			<key>isa</key>
			<string>PBXBuildFile</string>
		</dict>
		<key>896B1E52A2AB8C4B2F35E5F4</key>
		<dict>
			<key>isa</key>
			<string>PBXFileReference</string>
			<key>lastKnownFileType</key>
			<string>text.plist.strings</string>
			<key>name</key>
			<string>ja</string>
			<key>path</key>
			<string>ja.lproj/InfoPlist.strings</string>
			<key>sourceTree</key>
			<string>&lt;group&gt;</string>
		</dict>
		<key>8A7900B2052AC5E156F60277</key>
		<dict>
			<key>fileRef</key>
			<string>612AFBA9F7DF1593D7F59626</string>
			<key>isa</key>
			<string>PBXBuildFile</string>
		</dict>
		<key>8B3E71CF2296479BEF30EC14</key>
		<dict>
			<key>fileRef</key>
			<string>F6C588093BD3688B5E890E99</string>
			<key>isa</key>
			<string>PBXBuildFile</string>
		</dict>
		<key>8C1244719ED29A3502A40DD4</key>
		<dict>
			<key>isa</key>
			<string>PBXFileReference</string>
			<key>lastKnownFileType</key>
			<string>sourcecode.swift</string>
			<key>path</key>
			<string>ImageStoreTests.swift</string>
			<key>sourceTree</key>
			<string>&lt;group&gt;</string>
		</dict>
		<key>8CFD672FE5F1305F54C960AD</key>
		<dict>
			<key>fileRef</key>
			<string>2784CD7FE36FCEA935CA5A40</string>
			<key>isa</key>
			<string>PBXBuildFile</string>
		</dict>
		<key>8EF52CE61CEAC7D58BCB47ED</key>
		<dict>
			<key>fileRef</key>
			<string>06A4B7D14D982689491089DE</string>
			<key>isa</key>
			<string>PBXBuildFile</string>
		</dict>
		<key>8EF76CDD29ACA95B521C0ABB</key>
		<dict>
			<key>fileRef</key>
			<string>3F205C33EEFC96C6EF0844D3</string>
			<key>isa</key>
			<string>PBXBuildFile</string>
		</dict>
		<key>8FBC91255D9A175AAB537393</key>
		<dict>
			<key>isa</key>
			<string>PBXFileReference</string>
			<key>lastKnownFileType</key>
			<string>folder.assetcatalog</string>
			<key>path</key>
			<string>Assets.xcassets</string>
			<key>sourceTree</key>
			<string>&lt;group&gt;</string>
		</dict>
		<key>902CCEC2683401339A4BAF8C</key>
		<dict>
			<key>fileRef</key>
			<string>2F9629120408C93733B119F5</string>
			<key>isa</key>
			<string>PBXBuildFile</string>
		</dict>
		<key>908413F76A1F9D750839E5AB</key>
		<dict>
			<key>fileRef</key>
			<string>1F5EC41F97B38D70B2A79EA8</string>
			<key>isa</key>
			<string>PBXBuildFile</string>
		</dict>
		<key>93174AF13D308030FE5B1BB4</key>
		<dict>
			<key>isa</key>
			<string>PBXFileReference</string>
			<key>lastKnownFileType</key>
			<string>sourcecode.swift</string>
			<key>path</key>
			<string>PriceInputView.swift</string>
			<key>sourceTree</key>
			<string>&lt;group&gt;</string>
		</dict>
		<key>953BE81A83D14FA4885D6EC6</key>
		<dict>
			<key>isa</key>
			<string>PBXFileReference</string>
			<key>lastKnownFileType</key>
			<string>sourcecode.swift</string>
			<key>path</key>
			<string>Category.swift</string>
			<key>sourceTree</key>
			<string>&lt;group&gt;</string>
		</dict>
		<key>966EFDED469F08924E0B9D13</key>
		<dict>
			<key>fileRef</key>
			<string>0A2AB1622B63CAA84328376D</string>
			<key>isa</key>
			<string>PBXBuildFile</string>
		</dict>
		<key>978EAA54D9BD8188D63D4027</key>
		<dict>
			<key>fileRef</key>
			<string>403F37DEA66F7FF4B2771CC1</string>
			<key>isa</key>
			<string>PBXBuildFile</string>
		</dict>
		<key>99DB7F771DB3E67DE4807066</key>
		<dict>
			<key>children</key>
			<array>
				<string>AC04198BFF5A6CDEDA3F4769</string>
				<string>0B1DC7AAE21AC5A77BC58023</string>
			</array>
			<key>isa</key>
			<string>PBXGroup</string>
			<key>path</key>
			<string>Diary</string>
			<key>sourceTree</key>
			<string>&lt;group&gt;</string>
		</dict>
		<key>9B8FCD077678E9390B716892</key>
		<dict>
			<key>isa</key>
			<string>PBXFileReference</string>
			<key>lastKnownFileType</key>
			<string>sourcecode.swift</string>
			<key>path</key>
			<string>FarewellCardView.swift</string>
			<key>sourceTree</key>
			<string>&lt;group&gt;</string>
		</dict>
		<key>9C7A5B2D4756F6443DF04E00</key>
		<dict>
			<key>isa</key>
			<string>PBXFileReference</string>
			<key>lastKnownFileType</key>
			<string>sourcecode.swift</string>
			<key>path</key>
			<string>StatsCalculator.swift</string>
			<key>sourceTree</key>
			<string>&lt;group&gt;</string>
		</dict>
		<key>9CC00E670119B4ECA7DE1A04</key>
		<dict>
			<key>children</key>
			<array>
				<string>6F04DCCF47916FEE30943D16</string>
				<string>60764F73DDAF2C9EF258B9CA</string>
				<string>99DB7F771DB3E67DE4807066</string>
				<string>3F74183BF154AE62D6E8755B</string>
				<string>0558E9C8E894B552E4AB059F</string>
				<string>AE13D62798100084D078A04C</string>
				<string>3624BDFF611047C32092F048</string>
			</array>
			<key>isa</key>
			<string>PBXGroup</string>
			<key>path</key>
			<string>Views</string>
			<key>sourceTree</key>
			<string>&lt;group&gt;</string>
		</dict>
		<key>9D376A627BD2BAEEF4DB3CC0</key>
		<dict>
			<key>children</key>
			<array>
				<string>4B24174DA2AF8775AFEF6E3A</string>
				<string>5F9E9B29AC1A6176D37D6818</string>
				<string>F4049531278FD252BB691B52</string>
				<string>3F1B0F4FB8A9521212822F64</string>
			</array>
			<key>isa</key>
			<string>PBXGroup</string>
			<key>sourceTree</key>
			<string>&lt;group&gt;</string>
		</dict>
		<key>9E6D3226DE308C911EEC4426</key>
		<dict>
			<key>fileRef</key>
			<string>106A31E555DE5AE091468124</string>
			<key>isa</key>
			<string>PBXBuildFile</string>
		</dict>
		<key>9E761766BC66025E682DCD8A</key>
		<dict>
			<key>buildSettings</key>
			<dict>
				<key>ASSETCATALOG_COMPILER_APPICON_NAME</key>
				<string>AppIcon</string>
				<key>ASSETCATALOG_COMPILER_GLOBAL_ACCENT_COLOR_NAME</key>
				<string>AccentColor</string>
				<key>CODE_SIGN_IDENTITY</key>
				<string>iPhone Developer</string>
				<key>ENABLE_PREVIEWS</key>
				<string>YES</string>
				<key>INFOPLIST_FILE</key>
				<string>JianDan/Info.plist</string>
				<key>LD_RUNPATH_SEARCH_PATHS</key>
				<array>
					<string>$(inherited)</string>
					<string>@executable_path/Frameworks</string>
				</array>
				<key>PRODUCT_BUNDLE_IDENTIFIER</key>
				<string>com.jiandan.app</string>
				<key>SDKROOT</key>
				<string>iphoneos</string>
				<key>TARGETED_DEVICE_FAMILY</key>
				<string>1,2</string>
			</dict>
			<key>isa</key>
			<string>XCBuildConfiguration</string>
			<key>name</key>
			<string>Release</string>
		</dict>
		<key>A0489F9F27F5B14BC635F440</key>
		<dict>
			<key>isa</key>
			<string>PBXFileReference</string>
			<key>lastKnownFileType</key>
			<string>sourcecode.swift</string>
			<key>path</key>
			<string>DiaryListUITests.swift</string>
			<key>sourceTree</key>
			<string>&lt;group&gt;</string>
		</dict>
		<key>A11D7BBF83F06584C9BB9C73</key>
		<dict>
			<key>isa</key>
			<string>PBXFileReference</string>
			<key>lastKnownFileType</key>
			<string>sourcecode.swift</string>
			<key>path</key>
			<string>FarewellMethodTests.swift</string>
			<key>sourceTree</key>
			<string>&lt;group&gt;</string>
		</dict>
		<key>A1400292404297B98A058F6F</key>
		<dict>
			<key>fileRef</key>
			<string>40A3DB61D72944A2D4F94CC1</string>
			<key>isa</key>
			<string>PBXBuildFile</string>
		</dict>
		<key>A375AEEAA32DEA569BAFD25B</key>
		<dict>
			<key>isa</key>
			<string>PBXFileReference</string>
			<key>lastKnownFileType</key>
			<string>text.plist.strings</string>
			<key>name</key>
			<string>Localizable.strings</string>
			<key>path</key>
			<string>zh-Hans.lproj/Localizable.strings</string>
			<key>sourceTree</key>
			<string>&lt;group&gt;</string>
		</dict>
		<key>A4934A420E12002487BB23CB</key>
		<dict>
			<key>buildConfigurations</key>
			<array>
				<string>12B98320A0AFCA4F2B80CE62</string>
				<string>000785A9765DAF5ED478D757</string>
			</array>
			<key>defaultConfigurationIsVisible</key>
			<string>0</string>
			<key>defaultConfigurationName</key>
			<string>Debug</string>
			<key>isa</key>
			<string>XCConfigurationList</string>
		</dict>
		<key>A628BE259E83A85497C5946A</key>
		<dict>
			<key>fileRef</key>
			<string>0B1DC7AAE21AC5A77BC58023</string>
			<key>isa</key>
			<string>PBXBuildFile</string>
		</dict>
		<key>A6B6B4C4218C5334726D6EDB</key>
		<dict>
			<key>isa</key>
			<string>PBXFileReference</string>
			<key>lastKnownFileType</key>
			<string>sourcecode.swift</string>
			<key>path</key>
			<string>MethodPickerSection.swift</string>
			<key>sourceTree</key>
			<string>&lt;group&gt;</string>
		</dict>
		<key>A6BBC88132F3CE115E5F343F</key>
		<dict>
			<key>fileRef</key>
			<string>30F345B1EE86941AEF8FFDBE</string>
			<key>isa</key>
			<string>PBXBuildFile</string>
		</dict>
		<key>A7802F75870B7F69FB84ECC4</key>
		<dict>
			<key>isa</key>
			<string>PBXFileReference</string>
			<key>lastKnownFileType</key>
			<string>sourcecode.swift</string>
			<key>path</key>
			<string>DataImporterTests.swift</string>
			<key>sourceTree</key>
			<string>&lt;group&gt;</string>
		</dict>
		<key>A7AD2E809D17108E56AD26D7</key>
		<dict>
			<key>isa</key>
			<string>PBXTargetDependency</string>
			<key>target</key>
			<string>FAC99D824CA411E544335B6D</string>
			<key>targetProxy</key>
			<string>083C8415D0676582A282FF82</string>
		</dict>
		<key>A99323A6869E5548100AD577</key>
		<dict>
			<key>fileRef</key>
			<string>A11D7BBF83F06584C9BB9C73</string>
			<key>isa</key>
			<string>PBXBuildFile</string>
		</dict>
		<key>AAF8B4359AE278ECD8AFD334</key>
		<dict>
			<key>isa</key>
			<string>PBXFileReference</string>
			<key>lastKnownFileType</key>
			<string>text.plist.strings</string>
			<key>name</key>
			<string>InfoPlist.strings</string>
			<key>path</key>
			<string>en.lproj/InfoPlist.strings</string>
			<key>sourceTree</key>
			<string>&lt;group&gt;</string>
		</dict>
		<key>AB0932D80C56224F07CC226F</key>
		<dict>
			<key>fileRef</key>
			<string>A7802F75870B7F69FB84ECC4</string>
			<key>isa</key>
			<string>PBXBuildFile</string>
		</dict>
		<key>AB70777E643964DF2DCE52B8</key>
		<dict>
			<key>fileRef</key>
			<string>14E005263BA1E601FECBD377</string>
			<key>isa</key>
			<string>PBXBuildFile</string>
		</dict>
		<key>ABD68AE45BECFB8F4FC7856E</key>
		<dict>
			<key>includeInIndex</key>
			<string>0</string>
			<key>isa</key>
			<string>PBXFileReference</string>
			<key>lastKnownFileType</key>
			<string>wrapper.cfbundle</string>
			<key>path</key>
			<string>JianDanTests.xctest</string>
			<key>sourceTree</key>
			<string>BUILT_PRODUCTS_DIR</string>
		</dict>
		<key>ABF18B5080D84A0730A97178</key>
		<dict>
			<key>fileRef</key>
			<string>E421DB8D35799B304A11870A</string>
			<key>isa</key>
			<string>PBXBuildFile</string>
		</dict>
		<key>AC04198BFF5A6CDEDA3F4769</key>
		<dict>
			<key>children</key>
			<array>
				<string>06A4B7D14D982689491089DE</string>
				<string>132E58443AB3251FA4F72E44</string>
				<string>9B8FCD077678E9390B716892</string>
				<string>0A2AB1622B63CAA84328376D</string>
				<string>3C9A13B3C0D1162B50124C1D</string>
			</array>
			<key>isa</key>
			<string>PBXGroup</string>
			<key>path</key>
			<string>Components</string>
			<key>sourceTree</key>
			<string>&lt;group&gt;</string>
		</dict>
		<key>AE13D62798100084D078A04C</key>
		<dict>
			<key>children</key>
			<array>
				<string>B0F58F233837E8540A75220A</string>
			</array>
			<key>isa</key>
			<string>PBXGroup</string>
			<key>path</key>
			<string>Root</string>
			<key>sourceTree</key>
			<string>&lt;group&gt;</string>
		</dict>
		<key>AF55A8B0E2CC8B1CCF27388F</key>
		<dict>
			<key>fileRef</key>
			<string>8FBC91255D9A175AAB537393</string>
			<key>isa</key>
			<string>PBXBuildFile</string>
		</dict>
		<key>B09285E1E86D35EE91C2E8CE</key>
		<dict>
			<key>children</key>
			<array>
				<string>A7802F75870B7F69FB84ECC4</string>
				<string>8C1244719ED29A3502A40DD4</string>
				<string>8488E941677635BC790A0B27</string>
				<string>DEFC38CEB1662BED30A24B3D</string>
				<string>1F5EC41F97B38D70B2A79EA8</string>
				<string>7E85F6D983B0E4503AAE8250</string>
				<string>F5B7C90D71E57A2B5ACC382A</string>
				<string>86392142ABA790AF7701776B</string>
			</array>
			<key>isa</key>
			<string>PBXGroup</string>
			<key>path</key>
			<string>Services</string>
			<key>sourceTree</key>
			<string>&lt;group&gt;</string>
		</dict>
		<key>B0F58F233837E8540A75220A</key>
		<dict>
			<key>isa</key>
			<string>PBXFileReference</string>
			<key>lastKnownFileType</key>
			<string>sourcecode.swift</string>
			<key>path</key>
			<string>RootTabView.swift</string>
			<key>sourceTree</key>
			<string>&lt;group&gt;</string>
		</dict>
		<key>B1FB613C2AFE0B247060A974</key>
		<dict>
			<key>isa</key>
			<string>PBXFileReference</string>
			<key>lastKnownFileType</key>
			<string>sourcecode.swift</string>
			<key>path</key>
			<string>Wisdom.swift</string>
			<key>sourceTree</key>
			<string>&lt;group&gt;</string>
		</dict>
		<key>B38690AE58C44585101B1B6F</key>
		<dict>
			<key>fileRef</key>
			<string>0DD43600565744E93CA4AE37</string>
			<key>isa</key>
			<string>PBXBuildFile</string>
		</dict>
		<key>B460C927552FAB0105D5782C</key>
		<dict>
			<key>fileRef</key>
			<string>423CC3BB48A4D88527FD61F4</string>
			<key>isa</key>
			<string>PBXBuildFile</string>
		</dict>
		<key>B561953380C0A4EDABD10011</key>
		<dict>
			<key>fileRef</key>
			<string>8488E941677635BC790A0B27</string>
			<key>isa</key>
			<string>PBXBuildFile</string>
		</dict>
		<key>B58E9D42FB739E45E1759F47</key>
		<dict>
			<key>containerPortal</key>
			<string>1B962C6E3A13804821016DDA</string>
			<key>isa</key>
			<string>PBXContainerItemProxy</string>
			<key>proxyType</key>
			<string>1</string>
			<key>remoteGlobalIDString</key>
			<string>FAC99D824CA411E544335B6D</string>
			<key>remoteInfo</key>
			<string>JianDan</string>
		</dict>
		<key>B6C10B87A7A5D7AE535F63F9</key>
		<dict>
			<key>isa</key>
			<string>PBXFileReference</string>
			<key>lastKnownFileType</key>
			<string>sourcecode.swift</string>
			<key>path</key>
			<string>AddFarewellView.swift</string>
			<key>sourceTree</key>
			<string>&lt;group&gt;</string>
		</dict>
		<key>B6F5BF0A413029B2880415E8</key>
		<dict>
			<key>fileRef</key>
			<string>3641D28CD7043ECADF9EF4F9</string>
			<key>isa</key>
			<string>PBXBuildFile</string>
		</dict>
		<key>B74F39755CABDC41E091C98D</key>
		<dict>
			<key>isa</key>
			<string>PBXFileReference</string>
			<key>lastKnownFileType</key>
			<string>sourcecode.swift</string>
			<key>path</key>
			<string>ThemeManagerTests.swift</string>
			<key>sourceTree</key>
			<string>&lt;group&gt;</string>
		</dict>
		<key>B77FE20C7050B5B6AEB7BE1B</key>
		<dict>
			<key>fileRef</key>
			<string>2331AF26202D599EC5D36C4A</string>
			<key>isa</key>
			<string>PBXBuildFile</string>
		</dict>
		<key>B90C94C6784A12C05D3814C9</key>
		<dict>
			<key>buildSettings</key>
			<dict>
				<key>BUNDLE_LOADER</key>
				<string>$(TEST_HOST)</string>
				<key>LD_RUNPATH_SEARCH_PATHS</key>
				<array>
					<string>$(inherited)</string>
					<string>@executable_path/Frameworks</string>
					<string>@loader_path/Frameworks</string>
				</array>
				<key>PRODUCT_BUNDLE_IDENTIFIER</key>
				<string>com.jiandan.app.tests</string>
				<key>SDKROOT</key>
				<string>iphoneos</string>
				<key>TARGETED_DEVICE_FAMILY</key>
				<string>1,2</string>
				<key>TEST_HOST</key>
				<string>$(BUILT_PRODUCTS_DIR)/JianDan.app/JianDan</string>
			</dict>
			<key>isa</key>
			<string>XCBuildConfiguration</string>
			<key>name</key>
			<string>Release</string>
		</dict>
		<key>BB7A51F8D22CA1D74EB558AF</key>
		<dict>
			<key>fileRef</key>
			<string>E339859651E8BA11B85D94FE</string>
			<key>isa</key>
			<string>PBXBuildFile</string>
		</dict>
		<key>BBAAA294CC4F29FF2B766BEE</key>
		<dict>
			<key>children</key>
			<array>
				<string>106A31E555DE5AE091468124</string>
				<string>46DEAAA9324AC86831B8B755</string>
				<string>7CB87889DA90CC45879AAD7E</string>
				<string>A11D7BBF83F06584C9BB9C73</string>
				<string>FE769F5056A471E00722546A</string>
				<string>05F30AD255C73EE3A5BE3372</string>
				<string>215CC86D5E1D25181A78747C</string>
			</array>
			<key>isa</key>
			<string>PBXGroup</string>
			<key>path</key>
			<string>Models</string>
			<key>sourceTree</key>
			<string>&lt;group&gt;</string>
		</dict>
		<key>BDCF48BE4A1C2A90C99386D7</key>
		<dict>
			<key>isa</key>
			<string>PBXFileReference</string>
			<key>lastKnownFileType</key>
			<string>text.plist.strings</string>
			<key>name</key>
			<string>en</string>
			<key>path</key>
			<string>en.lproj/Localizable.strings</string>
			<key>sourceTree</key>
			<string>&lt;group&gt;</string>
		</dict>
		<key>BF2408695CE30C33BF0187C4</key>
		<dict>
			<key>fileRef</key>
			<string>FE769F5056A471E00722546A</string>
			<key>isa</key>
			<string>PBXBuildFile</string>
		</dict>
		<key>BFF7FC2643DE6ABE8BD23D7B</key>
		<dict>
			<key>fileRef</key>
			<string>F8291787AC78FDB5D852356D</string>
			<key>isa</key>
			<string>PBXBuildFile</string>
		</dict>
		<key>C23293C44CE6148B0AA81ED1</key>
		<dict>
			<key>fileRef</key>
			<string>3C9A13B3C0D1162B50124C1D</string>
			<key>isa</key>
			<string>PBXBuildFile</string>
		</dict>
		<key>C547894CEF5361CC8EE49646</key>
		<dict>
			<key>fileRef</key>
			<string>7EC2A458A31F0115B8120BC2</string>
			<key>isa</key>
			<string>PBXBuildFile</string>
		</dict>
		<key>C59A1210C08F55E36A2AA4D3</key>
		<dict>
			<key>fileRef</key>
			<string>B0F58F233837E8540A75220A</string>
			<key>isa</key>
			<string>PBXBuildFile</string>
		</dict>
		<key>CCA890F1002D99CA30902C87</key>
		<dict>
			<key>isa</key>
			<string>PBXFileReference</string>
			<key>lastKnownFileType</key>
			<string>sourcecode.swift</string>
			<key>path</key>
			<string>EditFarewellUITests.swift</string>
			<key>sourceTree</key>
			<string>&lt;group&gt;</string>
		</dict>
		<key>CE10408D699699ADDF4AF06C</key>
		<dict>
			<key>fileRef</key>
			<string>FA98C0AADB363F540EBC3A4B</string>
			<key>isa</key>
			<string>PBXBuildFile</string>
		</dict>
		<key>CEC2BA9F6EF388440A91A2FC</key>
		<dict>
			<key>fileRef</key>
			<string>72AF75FEA00D9679416E50B9</string>
			<key>isa</key>
			<string>PBXBuildFile</string>
		</dict>
		<key>CFCBA9681D655BB964DEB607</key>
		<dict>
			<key>children</key>
			<array>
				<string>403F37DEA66F7FF4B2771CC1</string>
			</array>
			<key>isa</key>
			<string>PBXGroup</string>
			<key>path</key>
			<string>TestData</string>
			<key>sourceTree</key>
			<string>&lt;group&gt;</string>
		</dict>
		<key>CFEAD1EB12D1F585104350F1</key>
		<dict>
			<key>fileRef</key>
			<string>19F95690CDC8F8F866CABEFC</string>
			<key>isa</key>
			<string>PBXBuildFile</string>
		</dict>
		<key>D071596C25A278EFB53DBD36</key>
		<dict>
			<key>children</key>
			<array>
				<string>66CFBDADD0674C65D35F1CAF</string>
				<string>953BE81A83D14FA4885D6EC6</string>
				<string>53494900FAC687ED7FCEAAD2</string>
				<string>30F345B1EE86941AEF8FFDBE</string>
				<string>653E826D7FEDD5AA9A1D0C4C</string>
				<string>3F613DC861E4076951C1A35B</string>
				<string>B1FB613C2AFE0B247060A974</string>
			</array>
			<key>isa</key>
			<string>PBXGroup</string>
			<key>path</key>
			<string>Models</string>
			<key>sourceTree</key>
			<string>&lt;group&gt;</string>
		</dict>
		<key>D6E8C4170EF533A803AF6038</key>
		<dict>
			<key>fileRef</key>
			<string>86392142ABA790AF7701776B</string>
			<key>isa</key>
			<string>PBXBuildFile</string>
		</dict>
		<key>DC61387E7B35C0ACFA39E7A2</key>
		<dict>
			<key>fileRef</key>
			<string>4BFC5F5FAB46F7765CCBDC23</string>
			<key>isa</key>
			<string>PBXBuildFile</string>
		</dict>
		<key>DDB1D458B9EB2C168CF0B004</key>
		<dict>
			<key>fileRef</key>
			<string>953BE81A83D14FA4885D6EC6</string>
			<key>isa</key>
			<string>PBXBuildFile</string>
		</dict>
		<key>DEFC38CEB1662BED30A24B3D</key>
		<dict>
			<key>isa</key>
			<string>PBXFileReference</string>
			<key>lastKnownFileType</key>
			<string>sourcecode.swift</string>
			<key>path</key>
			<string>RandomSourceTests.swift</string>
			<key>sourceTree</key>
			<string>&lt;group&gt;</string>
		</dict>
		<key>E339859651E8BA11B85D94FE</key>
		<dict>
			<key>isa</key>
			<string>PBXFileReference</string>
			<key>lastKnownFileType</key>
			<string>sourcecode.swift</string>
			<key>path</key>
			<string>RemembranceView.swift</string>
			<key>sourceTree</key>
			<string>&lt;group&gt;</string>
		</dict>
		<key>E421DB8D35799B304A11870A</key>
		<dict>
			<key>isa</key>
			<string>PBXFileReference</string>
			<key>lastKnownFileType</key>
			<string>sourcecode.swift</string>
			<key>path</key>
			<string>SplashCoordinator.swift</string>
			<key>sourceTree</key>
			<string>&lt;group&gt;</string>
		</dict>
		<key>E59B82CA460489DD66EA23BB</key>
		<dict>
			<key>isa</key>
			<string>PBXFileReference</string>
			<key>lastKnownFileType</key>
			<string>sourcecode.swift</string>
			<key>path</key>
			<string>StatsUITests.swift</string>
			<key>sourceTree</key>
			<string>&lt;group&gt;</string>
		</dict>
		<key>E70C1D27D99222F6D9E31899</key>
		<dict>
			<key>children</key>
			<array>
				<string>E873A2BD32606816AF62B424</string>
				<string>AAF8B4359AE278ECD8AFD334</string>
				<string>81D8005645BB844FA6BA12AA</string>
			</array>
			<key>isa</key>
			<string>PBXVariantGroup</string>
			<key>name</key>
			<string>InfoPlist.strings</string>
			<key>sourceTree</key>
			<string>&lt;group&gt;</string>
		</dict>
		<key>E873A2BD32606816AF62B424</key>
		<dict>
			<key>isa</key>
			<string>PBXFileReference</string>
			<key>lastKnownFileType</key>
			<string>text.plist.strings</string>
			<key>name</key>
			<string>InfoPlist.strings</string>
			<key>path</key>
			<string>zh-Hans.lproj/InfoPlist.strings</string>
			<key>sourceTree</key>
			<string>&lt;group&gt;</string>
		</dict>
		<key>F08B04C6C56711A13179F6CD</key>
		<dict>
			<key>fileRef</key>
			<string>5CE3BF256622877B3CB2545B</string>
			<key>isa</key>
			<string>PBXBuildFile</string>
		</dict>
		<key>F314F4BF2529B3A21329D245</key>
		<dict>
			<key>fileRef</key>
			<string>4B641C5B51F39B3E67BAE341</string>
			<key>isa</key>
			<string>PBXBuildFile</string>
		</dict>
		<key>F3830D3298699FA078DF7D85</key>
		<dict>
			<key>fileRef</key>
			<string>6ECE7FEDB25497446B422606</string>
			<key>isa</key>
			<string>PBXBuildFile</string>
		</dict>
		<key>F3AFD60EDC07084855C3D0A7</key>
		<dict>
			<key>isa</key>
			<string>PBXFileReference</string>
			<key>lastKnownFileType</key>
			<string>sourcecode.swift</string>
			<key>path</key>
			<string>PolaroidShareView.swift</string>
			<key>sourceTree</key>
			<string>&lt;group&gt;</string>
		</dict>
		<key>F3D843F7E5CBFBDE631B11FB</key>
		<dict>
			<key>fileRef</key>
			<string>B6C10B87A7A5D7AE535F63F9</string>
			<key>isa</key>
			<string>PBXBuildFile</string>
		</dict>
		<key>F4049531278FD252BB691B52</key>
		<dict>
			<key>children</key>
			<array>
				<string>4BFC5F5FAB46F7765CCBDC23</string>
				<string>A0489F9F27F5B14BC635F440</string>
				<string>CCA890F1002D99CA30902C87</string>
				<string>7CC922E49CE05ED0E2E58202</string>
				<string>2784CD7FE36FCEA935CA5A40</string>
				<string>E59B82CA460489DD66EA23BB</string>
			</array>
			<key>isa</key>
			<string>PBXGroup</string>
			<key>path</key>
			<string>JianDanUITests</string>
			<key>sourceTree</key>
			<string>&lt;group&gt;</string>
		</dict>
		<key>F572DC358EF97BE079D35690</key>
		<dict>
			<key>isa</key>
			<string>PBXFileReference</string>
			<key>lastKnownFileType</key>
			<string>sourcecode.swift</string>
			<key>path</key>
			<string>StatsView.swift</string>
			<key>sourceTree</key>
			<string>&lt;group&gt;</string>
		</dict>
		<key>F5B7C90D71E57A2B5ACC382A</key>
		<dict>
			<key>isa</key>
			<string>PBXFileReference</string>
			<key>lastKnownFileType</key>
			<string>sourcecode.swift</string>
			<key>path</key>
			<string>StatsCalculatorTests.swift</string>
			<key>sourceTree</key>
			<string>&lt;group&gt;</string>
		</dict>
		<key>F6C588093BD3688B5E890E99</key>
		<dict>
			<key>isa</key>
			<string>PBXFileReference</string>
			<key>lastKnownFileType</key>
			<string>sourcecode.swift</string>
			<key>path</key>
			<string>TabObservation.swift</string>
			<key>sourceTree</key>
			<string>&lt;group&gt;</string>
		</dict>
		<key>F8291787AC78FDB5D852356D</key>
		<dict>
			<key>isa</key>
			<string>PBXFileReference</string>
			<key>lastKnownFileType</key>
			<string>sourcecode.swift</string>
			<key>path</key>
			<string>EmotionStarsView.swift</string>
			<key>sourceTree</key>
			<string>&lt;group&gt;</string>
		</dict>
		<key>F84CF8105907C5D3A228E813</key>
		<dict>
			<key>isa</key>
			<string>PBXFileReference</string>
			<key>lastKnownFileType</key>
			<string>text.plist.strings</string>
			<key>name</key>
			<string>zh-Hans</string>
			<key>path</key>
			<string>zh-Hans.lproj/InfoPlist.strings</string>
			<key>sourceTree</key>
			<string>&lt;group&gt;</string>
		</dict>
		<key>F8A61E17DC4569D68BF3C92C</key>
		<dict>
			<key>buildActionMask</key>
			<string>2147483647</string>
			<key>files</key>
			<array>
				<string>AF55A8B0E2CC8B1CCF27388F</string>
				<string>CEC2BA9F6EF388440A91A2FC</string>
				<string>FBC3A7A9B5B0C2B7A497D607</string>
				<string>3AE204AF3BD642F6E26321DA</string>
				<string>978EAA54D9BD8188D63D4027</string>
				<string>6611CC1797287E51BEAB557F</string>
				<string>4CE1463B434CA833A0806D5E</string>
			</array>
			<key>isa</key>
			<string>PBXResourcesBuildPhase</string>
			<key>runOnlyForDeploymentPostprocessing</key>
			<string>0</string>
		</dict>
		<key>F91F467082B5E6CD4112A585</key>
		<dict>
			<key>fileRef</key>
			<string>4E53B4EC7D0135199D81F87E</string>
			<key>isa</key>
			<string>PBXBuildFile</string>
		</dict>
		<key>F97A802DEEFF748A880F9068</key>
		<dict>
			<key>isa</key>
			<string>PBXFileReference</string>
			<key>lastKnownFileType</key>
			<string>sourcecode.swift</string>
			<key>path</key>
			<string>ThemeManager.swift</string>
			<key>sourceTree</key>
			<string>&lt;group&gt;</string>
		</dict>
		<key>FA98C0AADB363F540EBC3A4B</key>
		<dict>
			<key>isa</key>
			<string>PBXFileReference</string>
			<key>lastKnownFileType</key>
			<string>sourcecode.swift</string>
			<key>path</key>
			<string>CameraPicker.swift</string>
			<key>sourceTree</key>
			<string>&lt;group&gt;</string>
		</dict>
		<key>FAC99D824CA411E544335B6D</key>
		<dict>
			<key>buildConfigurationList</key>
			<string>29C12AB320DE499C45112F1A</string>
			<key>buildPhases</key>
			<array>
				<string>3B9BE91D9FD2CDB43C3187AB</string>
				<string>F8A61E17DC4569D68BF3C92C</string>
			</array>
			<key>buildRules</key>
			<array/>
			<key>dependencies</key>
			<array/>
			<key>isa</key>
			<string>PBXNativeTarget</string>
			<key>name</key>
			<string>JianDan</string>
			<key>packageProductDependencies</key>
			<array/>
			<key>productName</key>
			<string>JianDan</string>
			<key>productReference</key>
			<string>602A7458CAA4B431E49C9450</string>
			<key>productType</key>
			<string>com.apple.product-type.application</string>
		</dict>
		<key>FBC3A7A9B5B0C2B7A497D607</key>
		<dict>
			<key>fileRef</key>
			<string>7C1D6120609097BDD193316C</string>
			<key>isa</key>
			<string>PBXBuildFile</string>
		</dict>
		<key>FE769F5056A471E00722546A</key>
		<dict>
			<key>isa</key>
			<string>PBXFileReference</string>
			<key>lastKnownFileType</key>
			<string>sourcecode.swift</string>
			<key>path</key>
			<string>FarewellRecordTests.swift</string>
			<key>sourceTree</key>
			<string>&lt;group&gt;</string>
		</dict>
		<key>FF9768E2C59E1A3862EBFD78</key>
		<dict>
			<key>isa</key>
			<string>PBXFileReference</string>
			<key>lastKnownFileType</key>
			<string>sourcecode.swift</string>
			<key>path</key>
			<string>AddFarewellValidator.swift</string>
			<key>sourceTree</key>
			<string>&lt;group&gt;</string>
		</dict>
	</dict>
	<key>rootObject</key>
	<string>1B962C6E3A13804821016DDA</string>
</dict>
</plist>
